PODS:
  - Alamofire (5.8.0)
  - DSJSONSchemaValidation (2.0.7)
  - JSONSchema (0.5.0)

DEPENDENCIES:
  - Alamofire
  - DSJSONSchemaValidation
  - JSONSchema (= 0.5.0)

SPEC REPOS:
  https://github.com/CocoaPods/Specs.git:
    - Alamofire
    - DSJSONSchemaValidation
    - JSONSchema

SPEC CHECKSUMS:
  Alamofire: 0e92e751b3e9e66d7982db43919d01f313b8eb91
  DSJSONSchemaValidation: 46e30ccfa9908c49d184f453d556f55aa0aac1ff
  JSONSchema: 52453ed2f570370b5e3ccd1c943afdfa5ea70db5

PODFILE CHECKSUM: f17d4908a725d1f7a00298c625f580e0fa05271b

COCOAPODS: 1.12.1
