PODS:
  - Alamofire (5.10.1)
  - DSJSONSchemaValidation (2.0.7)
  - FingerprintPro (2.7.0)
  - JSONSchema (0.5.0)

DEPENDENCIES:
  - Alamofire
  - DSJSONSchemaValidation
  - FingerprintPro (= 2.7.0)
  - JSONSchema (= 0.5.0)

SPEC REPOS:
  https://github.com/CocoaPods/Specs.git:
    - Alamofire
    - DSJSONSchemaValidation
    - FingerprintPro
    - JSONSchema

SPEC CHECKSUMS:
  Alamofire: 840d2a1ad82355b536ec6ba5f97e5bfa54600ca3
  DSJSONSchemaValidation: 46e30ccfa9908c49d184f453d556f55aa0aac1ff
  FingerprintPro: 0c7dbd28fc83751ca64b06328e2fb22bbc7ed118
  JSONSchema: 52453ed2f570370b5e3ccd1c943afdfa5ea70db5

PODFILE CHECKSUM: 178ee9ce8ff845958ec8dfc521e9498e534b5c44

COCOAPODS: 1.15.2
