// !$*UTF8*$!
{
	archiveVersion = 1;
	classes = {
	};
	objectVersion = 54;
	objects = {

/* Begin PBXBuildFile section */
		076252EF2876294400FBA209 /* NeuroIDSensors.swift in Sources */ = {isa = PBXBuildFile; fileRef = 076252EE2876294400FBA209 /* NeuroIDSensors.swift */; };
		07A2668C28A6A5BC00E973E2 /* PayloadTest.swift in Sources */ = {isa = PBXBuildFile; fileRef = 07A2668B28A6A5BC00E973E2 /* PayloadTest.swift */; };
		07BB4F62287FE8A200910665 /* SensorsTest.swift in Sources */ = {isa = PBXBuildFile; fileRef = 07BB4F61287FE8A200910665 /* SensorsTest.swift */; };
		26BCF341268DA3C40002C289 /* NeuroID.h in Headers */ = {isa = PBXBuildFile; fileRef = 26BCF33F268DA3C40002C289 /* NeuroID.h */; settings = {ATTRIBUTES = (Public, ); }; };
		26BCF34C268DA7CF0002C289 /* DataStore.swift in Sources */ = {isa = PBXBuildFile; fileRef = 26BCF349268DA7CF0002C289 /* DataStore.swift */; };
		26BCF34D268DA7CF0002C289 /* NeuroIDTracker.swift in Sources */ = {isa = PBXBuildFile; fileRef = 26BCF34A268DA7CF0002C289 /* NeuroIDTracker.swift */; };
		26BCF34E268DA7CF0002C289 /* NIDEvent.swift in Sources */ = {isa = PBXBuildFile; fileRef = 26BCF34B268DA7CF0002C289 /* NIDEvent.swift */; };
		26BCF359268DAC530002C289 /* Security.framework in Frameworks */ = {isa = PBXBuildFile; fileRef = 26BCF358268DAC530002C289 /* Security.framework */; };
		26BCF35B268DAC5A0002C289 /* Foundation.framework in Frameworks */ = {isa = PBXBuildFile; fileRef = 26BCF35A268DAC5A0002C289 /* Foundation.framework */; };
		4B0AA7F92B646D50001F26B3 /* NIDCallStatusObserver.swift in Sources */ = {isa = PBXBuildFile; fileRef = 4B0AA7F82B646D50001F26B3 /* NIDCallStatusObserver.swift */; };
		6F39E8AA26CE9F7B00BE9834 /* SDKPreferences.swift in Sources */ = {isa = PBXBuildFile; fileRef = 6F39E8A926CE9F7B00BE9834 /* SDKPreferences.swift */; };
		6F39E8CC26CEA9A800BE9834 /* SessionTests.swift in Sources */ = {isa = PBXBuildFile; fileRef = 6F39E8CB26CEA9A800BE9834 /* SessionTests.swift */; };
		6F39E8CE26CEA9A800BE9834 /* NeuroID.framework in Frameworks */ = {isa = PBXBuildFile; fileRef = 26BCF33C268DA3C40002C289 /* NeuroID.framework */; };
		6F39E8DB26CEAA0C00BE9834 /* SDKUITest.swift in Sources */ = {isa = PBXBuildFile; fileRef = 6F39E8DA26CEAA0C00BE9834 /* SDKUITest.swift */; };
		6F39E8E126CEAA7900BE9834 /* NIDEventTests.swift in Sources */ = {isa = PBXBuildFile; fileRef = 6F39E8E026CEAA7900BE9834 /* NIDEventTests.swift */; };
		6F47B9AF2B7E80360047DFCB /* NIDNetworkServiceImpl.swift in Sources */ = {isa = PBXBuildFile; fileRef = 6F47B9AE2B7E80360047DFCB /* NIDNetworkServiceImpl.swift */; };
		6F47B9B12B7E80E50047DFCB /* NIDNetworkServiceProtocol.swift in Sources */ = {isa = PBXBuildFile; fileRef = 6F47B9B02B7E80E50047DFCB /* NIDNetworkServiceProtocol.swift */; };
		6F47B9B42B7E814D0047DFCB /* NIDNetworkServiceTestImpl.swift in Sources */ = {isa = PBXBuildFile; fileRef = 6F47B9B32B7E814D0047DFCB /* NIDNetworkServiceTestImpl.swift */; };
		6F543ED32BAA060A00920A7C /* Pods_NeuroID.framework in Frameworks */ = {isa = PBXBuildFile; fileRef = 0BE81C58F8FE6463D8FCF793 /* Pods_NeuroID.framework */; };
		6F543ED42BAA060A00920A7C /* Pods_NeuroID.framework in Embed Frameworks */ = {isa = PBXBuildFile; fileRef = 0BE81C58F8FE6463D8FCF793 /* Pods_NeuroID.framework */; settings = {ATTRIBUTES = (CodeSignOnCopy, RemoveHeadersOnCopy, ); }; };
		6F6B754F2A8A9FDF00192E13 /* CommonTextFieldUtils.swift in Sources */ = {isa = PBXBuildFile; fileRef = 6F6B754E2A8A9FDF00192E13 /* CommonTextFieldUtils.swift */; };
		6F6B75502A8A9FDF00192E13 /* CommonTextFieldUtils.swift in Sources */ = {isa = PBXBuildFile; fileRef = 6F6B754E2A8A9FDF00192E13 /* CommonTextFieldUtils.swift */; };
		6F6B75512A8A9FDF00192E13 /* CommonTextFieldUtils.swift in Sources */ = {isa = PBXBuildFile; fileRef = 6F6B754E2A8A9FDF00192E13 /* CommonTextFieldUtils.swift */; };
		6F709ED32BC58C7700F18895 /* ConfigServiceTests.swift in Sources */ = {isa = PBXBuildFile; fileRef = 6F709ED22BC58C7700F18895 /* ConfigServiceTests.swift */; };
		6F709ED72BC5905A00F18895 /* NIDMetadata.swift in Sources */ = {isa = PBXBuildFile; fileRef = 07A05C2028B91B4D00509509 /* NIDMetadata.swift */; };
		6FB5672D2B7A7B71009B2959 /* NIDPerformanceTests.swift in Sources */ = {isa = PBXBuildFile; fileRef = 6FB5672C2B7A7B71009B2959 /* NIDPerformanceTests.swift */; };
		6FE6C96B2BBC97550033B9C2 /* PrivacyInfo.xcprivacy in Resources */ = {isa = PBXBuildFile; fileRef = 6F467EDE2BAA0D8500B0605D /* PrivacyInfo.xcprivacy */; };
		6FE77FE62937B3F700357284 /* NIDErrors.swift in Sources */ = {isa = PBXBuildFile; fileRef = 6FE77FE52937B3F700357284 /* NIDErrors.swift */; };
		6FE77FE72937B3F700357284 /* NIDErrors.swift in Sources */ = {isa = PBXBuildFile; fileRef = 6FE77FE52937B3F700357284 /* NIDErrors.swift */; };
		6FE77FE82937B3F700357284 /* NIDErrors.swift in Sources */ = {isa = PBXBuildFile; fileRef = 6FE77FE52937B3F700357284 /* NIDErrors.swift */; };
		6FF06B2A271FCAA700F6704C /* DataStoreTests.swift in Sources */ = {isa = PBXBuildFile; fileRef = 6FF06B26271FCA8300F6704C /* DataStoreTests.swift */; };
		E494C0748D7A30D17CC3E764 /* Pods_SDKTest.framework in Frameworks */ = {isa = PBXBuildFile; fileRef = 90304BED0DA33798E4F66EB6 /* Pods_SDKTest.framework */; };
		F216C4022A718AEA001DDABB /* Optional.swift in Sources */ = {isa = PBXBuildFile; fileRef = F216C4012A718AEA001DDABB /* Optional.swift */; };
		F216C4042A718B0A001DDABB /* LosslessStringConvertible.swift in Sources */ = {isa = PBXBuildFile; fileRef = F216C4032A718B0A001DDABB /* LosslessStringConvertible.swift */; };
		F216C4082A71BE19001DDABB /* Date.swift in Sources */ = {isa = PBXBuildFile; fileRef = F216C4072A71BE19001DDABB /* Date.swift */; };
		F216C40A2A72C649001DDABB /* UtilFunctionsTests.swift in Sources */ = {isa = PBXBuildFile; fileRef = F216C4092A72C649001DDABB /* UtilFunctionsTests.swift */; };
		F217029929D4C4DF00133A1C /* UITextField.swift in Sources */ = {isa = PBXBuildFile; fileRef = F217029829D4C4DF00133A1C /* UITextField.swift */; };
		F217029C29D4C79F00133A1C /* AppEvents.swift in Sources */ = {isa = PBXBuildFile; fileRef = F217029B29D4C79F00133A1C /* AppEvents.swift */; };
		F217029E29D4C7CE00133A1C /* DeviceEvents.swift in Sources */ = {isa = PBXBuildFile; fileRef = F217029D29D4C7CE00133A1C /* DeviceEvents.swift */; };
		F21702A429D4C98E00133A1C /* ValueEvents.swift in Sources */ = {isa = PBXBuildFile; fileRef = F21702A329D4C98E00133A1C /* ValueEvents.swift */; };
		F21702A629D4CA8E00133A1C /* UITextView.swift in Sources */ = {isa = PBXBuildFile; fileRef = F21702A529D4CA8E00133A1C /* UITextView.swift */; };
		F21702A829D4CAD300133A1C /* UIButton.swift in Sources */ = {isa = PBXBuildFile; fileRef = F21702A729D4CAD300133A1C /* UIButton.swift */; };
		F21702AA29D4CB4900133A1C /* UIViewController.swift in Sources */ = {isa = PBXBuildFile; fileRef = F21702A929D4CB4900133A1C /* UIViewController.swift */; };
		F21702AE29D4CC5500133A1C /* UINavigationController.swift in Sources */ = {isa = PBXBuildFile; fileRef = F21702AD29D4CC5500133A1C /* UINavigationController.swift */; };
		F21702B029D4CCA800133A1C /* UITableView.swift in Sources */ = {isa = PBXBuildFile; fileRef = F21702AF29D4CCA800133A1C /* UITableView.swift */; };
		F21702B229D4CCF300133A1C /* UIView.swift in Sources */ = {isa = PBXBuildFile; fileRef = F21702B129D4CCF300133A1C /* UIView.swift */; };
		F21702B629D4CDB300133A1C /* String.swift in Sources */ = {isa = PBXBuildFile; fileRef = F21702B529D4CDB300133A1C /* String.swift */; };
		F21702B829D4CDD300133A1C /* Data.swift in Sources */ = {isa = PBXBuildFile; fileRef = F21702B729D4CDD300133A1C /* Data.swift */; };
		F21702BC29D4CDF900133A1C /* Dictionary.swift in Sources */ = {isa = PBXBuildFile; fileRef = F21702BB29D4CDF900133A1C /* Dictionary.swift */; };
		F21702BE29D4CE0700133A1C /* Double.swift in Sources */ = {isa = PBXBuildFile; fileRef = F21702BD29D4CE0700133A1C /* Double.swift */; };
		F21702C029D4CE7E00133A1C /* Sequence.swift in Sources */ = {isa = PBXBuildFile; fileRef = F21702BF29D4CE7E00133A1C /* Sequence.swift */; };
		F21702C229D4CECD00133A1C /* NeuroID.swift in Sources */ = {isa = PBXBuildFile; fileRef = F21702C129D4CECD00133A1C /* NeuroID.swift */; };
		F21702C829D5D5D000133A1C /* TextControlEvents.swift in Sources */ = {isa = PBXBuildFile; fileRef = F21702C529D5D5D000133A1C /* TextControlEvents.swift */; };
		F21702C929D5D5D000133A1C /* TouchEvents.swift in Sources */ = {isa = PBXBuildFile; fileRef = F21702C629D5D5D000133A1C /* TouchEvents.swift */; };
		F21702CC29D5D5E800133A1C /* Bundle.swift in Sources */ = {isa = PBXBuildFile; fileRef = F21702CB29D5D5E800133A1C /* Bundle.swift */; };
		F21702D029D5E9D800133A1C /* Utils.swift in Sources */ = {isa = PBXBuildFile; fileRef = F21702CF29D5E9D800133A1C /* Utils.swift */; };
		F21702D429D6077600133A1C /* NIDParamsCreator.swift in Sources */ = {isa = PBXBuildFile; fileRef = F21702D329D6077600133A1C /* NIDParamsCreator.swift */; };
		F21702D629D607E600133A1C /* NIDParamsCreatorTests.swift in Sources */ = {isa = PBXBuildFile; fileRef = F21702D529D607E600133A1C /* NIDParamsCreatorTests.swift */; };
		F228AA8F2A0180F80004892F /* Resources in Resources */ = {isa = PBXBuildFile; fileRef = F228AA8E2A0180F80004892F /* Resources */; };
		F228AA902A0180F80004892F /* Resources in Resources */ = {isa = PBXBuildFile; fileRef = F228AA8E2A0180F80004892F /* Resources */; };
		F23B75542AC36F8A00A7DF4D /* NIDRN.swift in Sources */ = {isa = PBXBuildFile; fileRef = F23B75532AC36F8A00A7DF4D /* NIDRN.swift */; };
		F2506FD12AD9A4FB00AD0903 /* NIDAdvancedDevice.swift in Sources */ = {isa = PBXBuildFile; fileRef = F2506FD02AD9A4FB00AD0903 /* NIDAdvancedDevice.swift */; };
		F251654A2A6EF74F00D41B89 /* UIScrollView.swift in Sources */ = {isa = PBXBuildFile; fileRef = F25165482A6EF74700D41B89 /* UIScrollView.swift */; };
		F2546A6E2B9A121500348BD7 /* NIDTesting.swift in Sources */ = {isa = PBXBuildFile; fileRef = F2546A6D2B9A121500348BD7 /* NIDTesting.swift */; };
		F25908DF2BEE62EF00B7A73D /* ConfigModels.swift in Sources */ = {isa = PBXBuildFile; fileRef = F25908DE2BEE62EF00B7A73D /* ConfigModels.swift */; };
		F25908E32BEE648400B7A73D /* NIDConfigService.swift in Sources */ = {isa = PBXBuildFile; fileRef = F25908E22BEE648400B7A73D /* NIDConfigService.swift */; };
		F25F4BA129DCBF4000E31B32 /* NeuroIDTrackerTests.swift in Sources */ = {isa = PBXBuildFile; fileRef = F25F4BA029DCBF4000E31B32 /* NeuroIDTrackerTests.swift */; };
		F25F4BA329DDB5C900E31B32 /* NeuroIDClassTests.swift in Sources */ = {isa = PBXBuildFile; fileRef = F25F4BA229DDB5C900E31B32 /* NeuroIDClassTests.swift */; };
		F25F4C7729F185D000E31B32 /* IntegrationHealth.swift in Sources */ = {isa = PBXBuildFile; fileRef = F25F4C7629F185CF00E31B32 /* IntegrationHealth.swift */; };
		F26E03B22AA139A20075E824 /* UIViewExtensionTests.swift in Sources */ = {isa = PBXBuildFile; fileRef = F26E03B12AA139A20075E824 /* UIViewExtensionTests.swift */; };
		F27045EE2B6A896700FE24FF /* NetworkMonitoringService.swift in Sources */ = {isa = PBXBuildFile; fileRef = F27045ED2B6A896700FE24FF /* NetworkMonitoringService.swift */; };
		F27045F02B6A8FBE00FE24FF /* NetworkMonitoringServiceTests.swift in Sources */ = {isa = PBXBuildFile; fileRef = F27045EF2B6A8FBE00FE24FF /* NetworkMonitoringServiceTests.swift */; };
		F27883E82AA23F920063F78B /* TouchEventsTests.swift in Sources */ = {isa = PBXBuildFile; fileRef = F27883E72AA23F920063F78B /* TouchEventsTests.swift */; };
		F2AEE7372A27A5D6009690CB /* NIDLog.swift in Sources */ = {isa = PBXBuildFile; fileRef = F2AEE7362A27A5D6009690CB /* NIDLog.swift */; };
		F2AEE7392A27A64E009690CB /* NIDSession.swift in Sources */ = {isa = PBXBuildFile; fileRef = F2AEE7382A27A64E009690CB /* NIDSession.swift */; };
		F2AEE73B2A27A684009690CB /* NIDForm.swift in Sources */ = {isa = PBXBuildFile; fileRef = F2AEE73A2A27A684009690CB /* NIDForm.swift */; };
		F2AEE73D2A27A6AE009690CB /* NIDScreen.swift in Sources */ = {isa = PBXBuildFile; fileRef = F2AEE73C2A27A6AE009690CB /* NIDScreen.swift */; };
		F2AEE73F2A27A6E9009690CB /* NIDUser.swift in Sources */ = {isa = PBXBuildFile; fileRef = F2AEE73E2A27A6E9009690CB /* NIDUser.swift */; };
		F2AEE7412A27A719009690CB /* NIDEnv.swift in Sources */ = {isa = PBXBuildFile; fileRef = F2AEE7402A27A719009690CB /* NIDEnv.swift */; };
		F2AEE7432A27A7B5009690CB /* NIDClientSiteId.swift in Sources */ = {isa = PBXBuildFile; fileRef = F2AEE7422A27A7B5009690CB /* NIDClientSiteId.swift */; };
		F2AEE7452A27A814009690CB /* NIDRegistration.swift in Sources */ = {isa = PBXBuildFile; fileRef = F2AEE7442A27A814009690CB /* NIDRegistration.swift */; };
		F2AEE7472A27A84B009690CB /* NIDSend.swift in Sources */ = {isa = PBXBuildFile; fileRef = F2AEE7462A27A84B009690CB /* NIDSend.swift */; };
		F2EF2A4D2A9FAC3200FBDA0D /* BaseClassExtensionTests.swift in Sources */ = {isa = PBXBuildFile; fileRef = F2EF2A4C2A9FAC3200FBDA0D /* BaseClassExtensionTests.swift */; };
		F2F0A3F029F6C8390083D43C /* IntegrationHealthTests.swift in Sources */ = {isa = PBXBuildFile; fileRef = F2F0A3EF29F6C8390083D43C /* IntegrationHealthTests.swift */; };
		F2F0A3F329FB051D0083D43C /* FileCreationUtils.swift in Sources */ = {isa = PBXBuildFile; fileRef = F2F0A3F229FB051D0083D43C /* FileCreationUtils.swift */; };
		F2F0A3F529FB05A90083D43C /* Constants.swift in Sources */ = {isa = PBXBuildFile; fileRef = F2F0A3F429FB05A90083D43C /* Constants.swift */; };
/* End PBXBuildFile section */

/* Begin PBXContainerItemProxy section */
		6F39E8CF26CEA9A800BE9834 /* PBXContainerItemProxy */ = {
			isa = PBXContainerItemProxy;
			containerPortal = 26BCF333268DA3C40002C289 /* Project object */;
			proxyType = 1;
			remoteGlobalIDString = 26BCF33B268DA3C40002C289;
			remoteInfo = NeuroID;
		};
/* End PBXContainerItemProxy section */

/* Begin PBXCopyFilesBuildPhase section */
		6F543ED52BAA060A00920A7C /* Embed Frameworks */ = {
			isa = PBXCopyFilesBuildPhase;
			buildActionMask = 2147483647;
			dstPath = "";
			dstSubfolderSpec = 10;
			files = (
				6F543ED42BAA060A00920A7C /* Pods_NeuroID.framework in Embed Frameworks */,
			);
			name = "Embed Frameworks";
			runOnlyForDeploymentPostprocessing = 0;
		};
/* End PBXCopyFilesBuildPhase section */

/* Begin PBXFileReference section */
		076252EE2876294400FBA209 /* NeuroIDSensors.swift */ = {isa = PBXFileReference; lastKnownFileType = sourcecode.swift; path = NeuroIDSensors.swift; sourceTree = "<group>"; };
		07A05C2028B91B4D00509509 /* NIDMetadata.swift */ = {isa = PBXFileReference; lastKnownFileType = sourcecode.swift; path = NIDMetadata.swift; sourceTree = "<group>"; };
		07A2668B28A6A5BC00E973E2 /* PayloadTest.swift */ = {isa = PBXFileReference; lastKnownFileType = sourcecode.swift; path = PayloadTest.swift; sourceTree = "<group>"; };
		07BB4F61287FE8A200910665 /* SensorsTest.swift */ = {isa = PBXFileReference; lastKnownFileType = sourcecode.swift; path = SensorsTest.swift; sourceTree = "<group>"; };
		0BE81C58F8FE6463D8FCF793 /* Pods_NeuroID.framework */ = {isa = PBXFileReference; explicitFileType = wrapper.framework; includeInIndex = 0; path = Pods_NeuroID.framework; sourceTree = BUILT_PRODUCTS_DIR; };
		153C967454B5320D895ADE13 /* Pods-SDKTest.debug.xcconfig */ = {isa = PBXFileReference; includeInIndex = 1; lastKnownFileType = text.xcconfig; name = "Pods-SDKTest.debug.xcconfig"; path = "Target Support Files/Pods-SDKTest/Pods-SDKTest.debug.xcconfig"; sourceTree = "<group>"; };
		26BCF33C268DA3C40002C289 /* NeuroID.framework */ = {isa = PBXFileReference; explicitFileType = wrapper.framework; includeInIndex = 0; path = NeuroID.framework; sourceTree = BUILT_PRODUCTS_DIR; };
		26BCF33F268DA3C40002C289 /* NeuroID.h */ = {isa = PBXFileReference; lastKnownFileType = sourcecode.c.h; path = NeuroID.h; sourceTree = "<group>"; };
		26BCF340268DA3C40002C289 /* Info.plist */ = {isa = PBXFileReference; lastKnownFileType = text.plist.xml; path = Info.plist; sourceTree = "<group>"; };
		26BCF349268DA7CF0002C289 /* DataStore.swift */ = {isa = PBXFileReference; fileEncoding = 4; lastKnownFileType = sourcecode.swift; path = DataStore.swift; sourceTree = "<group>"; };
		26BCF34A268DA7CF0002C289 /* NeuroIDTracker.swift */ = {isa = PBXFileReference; fileEncoding = 4; lastKnownFileType = sourcecode.swift; path = NeuroIDTracker.swift; sourceTree = "<group>"; };
		26BCF34B268DA7CF0002C289 /* NIDEvent.swift */ = {isa = PBXFileReference; fileEncoding = 4; lastKnownFileType = sourcecode.swift; path = NIDEvent.swift; sourceTree = "<group>"; };
		26BCF358268DAC530002C289 /* Security.framework */ = {isa = PBXFileReference; lastKnownFileType = wrapper.framework; name = Security.framework; path = Platforms/MacOSX.platform/Developer/SDKs/MacOSX11.3.sdk/System/Library/Frameworks/Security.framework; sourceTree = DEVELOPER_DIR; };
		26BCF35A268DAC5A0002C289 /* Foundation.framework */ = {isa = PBXFileReference; lastKnownFileType = wrapper.framework; name = Foundation.framework; path = Platforms/MacOSX.platform/Developer/SDKs/MacOSX11.3.sdk/System/Library/Frameworks/Foundation.framework; sourceTree = DEVELOPER_DIR; };
		3AFA17D1FB9CF9E866313997 /* Pods-SDKTest.release.xcconfig */ = {isa = PBXFileReference; includeInIndex = 1; lastKnownFileType = text.xcconfig; name = "Pods-SDKTest.release.xcconfig"; path = "Target Support Files/Pods-SDKTest/Pods-SDKTest.release.xcconfig"; sourceTree = "<group>"; };
		47EAD830ADF3CCE22244EE89 /* Pods-NeuroID.staging.xcconfig */ = {isa = PBXFileReference; includeInIndex = 1; lastKnownFileType = text.xcconfig; name = "Pods-NeuroID.staging.xcconfig"; path = "Target Support Files/Pods-NeuroID/Pods-NeuroID.staging.xcconfig"; sourceTree = "<group>"; };
		4B0AA7F82B646D50001F26B3 /* NIDCallStatusObserver.swift */ = {isa = PBXFileReference; lastKnownFileType = sourcecode.swift; path = NIDCallStatusObserver.swift; sourceTree = "<group>"; };
		6F39E8A926CE9F7B00BE9834 /* SDKPreferences.swift */ = {isa = PBXFileReference; lastKnownFileType = sourcecode.swift; path = SDKPreferences.swift; sourceTree = "<group>"; };
		6F39E8C926CEA9A800BE9834 /* SDKTest.xctest */ = {isa = PBXFileReference; explicitFileType = wrapper.cfbundle; includeInIndex = 0; path = SDKTest.xctest; sourceTree = BUILT_PRODUCTS_DIR; };
		6F39E8CB26CEA9A800BE9834 /* SessionTests.swift */ = {isa = PBXFileReference; lastKnownFileType = sourcecode.swift; path = SessionTests.swift; sourceTree = "<group>"; };
		6F39E8CD26CEA9A800BE9834 /* Info.plist */ = {isa = PBXFileReference; lastKnownFileType = text.plist.xml; path = Info.plist; sourceTree = "<group>"; };
		6F39E8D826CEAA0C00BE9834 /* SDKUITest.xctest */ = {isa = PBXFileReference; explicitFileType = wrapper.cfbundle; includeInIndex = 0; path = SDKUITest.xctest; sourceTree = BUILT_PRODUCTS_DIR; };
		6F39E8DA26CEAA0C00BE9834 /* SDKUITest.swift */ = {isa = PBXFileReference; lastKnownFileType = sourcecode.swift; path = SDKUITest.swift; sourceTree = "<group>"; };
		6F39E8DC26CEAA0C00BE9834 /* Info.plist */ = {isa = PBXFileReference; lastKnownFileType = text.plist.xml; path = Info.plist; sourceTree = "<group>"; };
		6F39E8E026CEAA7900BE9834 /* NIDEventTests.swift */ = {isa = PBXFileReference; lastKnownFileType = sourcecode.swift; path = NIDEventTests.swift; sourceTree = "<group>"; };
		6F467EDE2BAA0D8500B0605D /* PrivacyInfo.xcprivacy */ = {isa = PBXFileReference; fileEncoding = 4; lastKnownFileType = text.xml; path = PrivacyInfo.xcprivacy; sourceTree = "<group>"; };
		6F47B9AE2B7E80360047DFCB /* NIDNetworkServiceImpl.swift */ = {isa = PBXFileReference; lastKnownFileType = sourcecode.swift; path = NIDNetworkServiceImpl.swift; sourceTree = "<group>"; };
		6F47B9B02B7E80E50047DFCB /* NIDNetworkServiceProtocol.swift */ = {isa = PBXFileReference; lastKnownFileType = sourcecode.swift; path = NIDNetworkServiceProtocol.swift; sourceTree = "<group>"; };
		6F47B9B32B7E814D0047DFCB /* NIDNetworkServiceTestImpl.swift */ = {isa = PBXFileReference; lastKnownFileType = sourcecode.swift; path = NIDNetworkServiceTestImpl.swift; sourceTree = "<group>"; };
		6F6B754E2A8A9FDF00192E13 /* CommonTextFieldUtils.swift */ = {isa = PBXFileReference; lastKnownFileType = sourcecode.swift; path = CommonTextFieldUtils.swift; sourceTree = "<group>"; };
		6F709ED22BC58C7700F18895 /* ConfigServiceTests.swift */ = {isa = PBXFileReference; lastKnownFileType = sourcecode.swift; path = ConfigServiceTests.swift; sourceTree = "<group>"; };
		6FB5672C2B7A7B71009B2959 /* NIDPerformanceTests.swift */ = {isa = PBXFileReference; lastKnownFileType = sourcecode.swift; path = NIDPerformanceTests.swift; sourceTree = "<group>"; };
		6FE77FE52937B3F700357284 /* NIDErrors.swift */ = {isa = PBXFileReference; lastKnownFileType = sourcecode.swift; path = NIDErrors.swift; sourceTree = "<group>"; };
		6FF06B26271FCA8300F6704C /* DataStoreTests.swift */ = {isa = PBXFileReference; lastKnownFileType = sourcecode.swift; path = DataStoreTests.swift; sourceTree = "<group>"; };
		90304BED0DA33798E4F66EB6 /* Pods_SDKTest.framework */ = {isa = PBXFileReference; explicitFileType = wrapper.framework; includeInIndex = 0; path = Pods_SDKTest.framework; sourceTree = BUILT_PRODUCTS_DIR; };
		91F02E629A22E34E06D2AF87 /* Pods-NeuroID.release.xcconfig */ = {isa = PBXFileReference; includeInIndex = 1; lastKnownFileType = text.xcconfig; name = "Pods-NeuroID.release.xcconfig"; path = "Target Support Files/Pods-NeuroID/Pods-NeuroID.release.xcconfig"; sourceTree = "<group>"; };
		ADF6B1D19ADA519BE68B6047 /* Pods-SDKTest.staging.xcconfig */ = {isa = PBXFileReference; includeInIndex = 1; lastKnownFileType = text.xcconfig; name = "Pods-SDKTest.staging.xcconfig"; path = "Target Support Files/Pods-SDKTest/Pods-SDKTest.staging.xcconfig"; sourceTree = "<group>"; };
		EF519CD46811BD283A2D1533 /* Pods-NeuroID.debug.xcconfig */ = {isa = PBXFileReference; includeInIndex = 1; lastKnownFileType = text.xcconfig; name = "Pods-NeuroID.debug.xcconfig"; path = "Target Support Files/Pods-NeuroID/Pods-NeuroID.debug.xcconfig"; sourceTree = "<group>"; };
		F216C4012A718AEA001DDABB /* Optional.swift */ = {isa = PBXFileReference; lastKnownFileType = sourcecode.swift; path = Optional.swift; sourceTree = "<group>"; };
		F216C4032A718B0A001DDABB /* LosslessStringConvertible.swift */ = {isa = PBXFileReference; lastKnownFileType = sourcecode.swift; path = LosslessStringConvertible.swift; sourceTree = "<group>"; };
		F216C4072A71BE19001DDABB /* Date.swift */ = {isa = PBXFileReference; lastKnownFileType = sourcecode.swift; path = Date.swift; sourceTree = "<group>"; };
		F216C4092A72C649001DDABB /* UtilFunctionsTests.swift */ = {isa = PBXFileReference; lastKnownFileType = sourcecode.swift; path = UtilFunctionsTests.swift; sourceTree = "<group>"; };
		F217029829D4C4DF00133A1C /* UITextField.swift */ = {isa = PBXFileReference; lastKnownFileType = sourcecode.swift; path = UITextField.swift; sourceTree = "<group>"; };
		F217029B29D4C79F00133A1C /* AppEvents.swift */ = {isa = PBXFileReference; lastKnownFileType = sourcecode.swift; path = AppEvents.swift; sourceTree = "<group>"; };
		F217029D29D4C7CE00133A1C /* DeviceEvents.swift */ = {isa = PBXFileReference; lastKnownFileType = sourcecode.swift; path = DeviceEvents.swift; sourceTree = "<group>"; };
		F21702A329D4C98E00133A1C /* ValueEvents.swift */ = {isa = PBXFileReference; lastKnownFileType = sourcecode.swift; path = ValueEvents.swift; sourceTree = "<group>"; };
		F21702A529D4CA8E00133A1C /* UITextView.swift */ = {isa = PBXFileReference; lastKnownFileType = sourcecode.swift; name = UITextView.swift; path = NeuroID/TrackerClassExtensions/UIClassExtensions/UITextView.swift; sourceTree = SOURCE_ROOT; };
		F21702A729D4CAD300133A1C /* UIButton.swift */ = {isa = PBXFileReference; lastKnownFileType = sourcecode.swift; name = UIButton.swift; path = NeuroID/TrackerClassExtensions/UIClassExtensions/UIButton.swift; sourceTree = SOURCE_ROOT; };
		F21702A929D4CB4900133A1C /* UIViewController.swift */ = {isa = PBXFileReference; lastKnownFileType = sourcecode.swift; path = UIViewController.swift; sourceTree = "<group>"; };
		F21702AD29D4CC5500133A1C /* UINavigationController.swift */ = {isa = PBXFileReference; lastKnownFileType = sourcecode.swift; name = UINavigationController.swift; path = NeuroID/TrackerClassExtensions/UIClassExtensions/UINavigationController.swift; sourceTree = SOURCE_ROOT; };
		F21702AF29D4CCA800133A1C /* UITableView.swift */ = {isa = PBXFileReference; lastKnownFileType = sourcecode.swift; name = UITableView.swift; path = NeuroID/TrackerClassExtensions/UIClassExtensions/UITableView.swift; sourceTree = SOURCE_ROOT; };
		F21702B129D4CCF300133A1C /* UIView.swift */ = {isa = PBXFileReference; lastKnownFileType = sourcecode.swift; name = UIView.swift; path = NeuroID/TrackerClassExtensions/UIClassExtensions/UIView.swift; sourceTree = SOURCE_ROOT; };
		F21702B529D4CDB300133A1C /* String.swift */ = {isa = PBXFileReference; lastKnownFileType = sourcecode.swift; path = String.swift; sourceTree = "<group>"; };
		F21702B729D4CDD300133A1C /* Data.swift */ = {isa = PBXFileReference; lastKnownFileType = sourcecode.swift; path = Data.swift; sourceTree = "<group>"; };
		F21702BB29D4CDF900133A1C /* Dictionary.swift */ = {isa = PBXFileReference; lastKnownFileType = sourcecode.swift; path = Dictionary.swift; sourceTree = "<group>"; };
		F21702BD29D4CE0700133A1C /* Double.swift */ = {isa = PBXFileReference; lastKnownFileType = sourcecode.swift; path = Double.swift; sourceTree = "<group>"; };
		F21702BF29D4CE7E00133A1C /* Sequence.swift */ = {isa = PBXFileReference; lastKnownFileType = sourcecode.swift; path = Sequence.swift; sourceTree = "<group>"; };
		F21702C129D4CECD00133A1C /* NeuroID.swift */ = {isa = PBXFileReference; lastKnownFileType = sourcecode.swift; path = NeuroID.swift; sourceTree = "<group>"; };
		F21702C529D5D5D000133A1C /* TextControlEvents.swift */ = {isa = PBXFileReference; fileEncoding = 4; lastKnownFileType = sourcecode.swift; path = TextControlEvents.swift; sourceTree = "<group>"; };
		F21702C629D5D5D000133A1C /* TouchEvents.swift */ = {isa = PBXFileReference; fileEncoding = 4; lastKnownFileType = sourcecode.swift; path = TouchEvents.swift; sourceTree = "<group>"; };
		F21702CB29D5D5E800133A1C /* Bundle.swift */ = {isa = PBXFileReference; fileEncoding = 4; lastKnownFileType = sourcecode.swift; path = Bundle.swift; sourceTree = "<group>"; };
		F21702CF29D5E9D800133A1C /* Utils.swift */ = {isa = PBXFileReference; lastKnownFileType = sourcecode.swift; path = Utils.swift; sourceTree = "<group>"; };
		F21702D329D6077600133A1C /* NIDParamsCreator.swift */ = {isa = PBXFileReference; lastKnownFileType = sourcecode.swift; path = NIDParamsCreator.swift; sourceTree = "<group>"; };
		F21702D529D607E600133A1C /* NIDParamsCreatorTests.swift */ = {isa = PBXFileReference; lastKnownFileType = sourcecode.swift; path = NIDParamsCreatorTests.swift; sourceTree = "<group>"; };
		F228AA8E2A0180F80004892F /* Resources */ = {isa = PBXFileReference; lastKnownFileType = folder; path = Resources; sourceTree = "<group>"; };
		F23B75532AC36F8A00A7DF4D /* NIDRN.swift */ = {isa = PBXFileReference; lastKnownFileType = sourcecode.swift; path = NIDRN.swift; sourceTree = "<group>"; };
		F2506FD02AD9A4FB00AD0903 /* NIDAdvancedDevice.swift */ = {isa = PBXFileReference; lastKnownFileType = sourcecode.swift; path = NIDAdvancedDevice.swift; sourceTree = "<group>"; };
		F25165482A6EF74700D41B89 /* UIScrollView.swift */ = {isa = PBXFileReference; lastKnownFileType = sourcecode.swift; path = UIScrollView.swift; sourceTree = "<group>"; };
		F2546A6D2B9A121500348BD7 /* NIDTesting.swift */ = {isa = PBXFileReference; lastKnownFileType = sourcecode.swift; path = NIDTesting.swift; sourceTree = "<group>"; };
		F25908DE2BEE62EF00B7A73D /* ConfigModels.swift */ = {isa = PBXFileReference; lastKnownFileType = sourcecode.swift; path = ConfigModels.swift; sourceTree = "<group>"; };
		F25908E22BEE648400B7A73D /* NIDConfigService.swift */ = {isa = PBXFileReference; lastKnownFileType = sourcecode.swift; path = NIDConfigService.swift; sourceTree = "<group>"; };
		F25F4BA029DCBF4000E31B32 /* NeuroIDTrackerTests.swift */ = {isa = PBXFileReference; fileEncoding = 4; lastKnownFileType = sourcecode.swift; path = NeuroIDTrackerTests.swift; sourceTree = "<group>"; };
		F25F4BA229DDB5C900E31B32 /* NeuroIDClassTests.swift */ = {isa = PBXFileReference; lastKnownFileType = sourcecode.swift; path = NeuroIDClassTests.swift; sourceTree = "<group>"; };
		F25F4C7629F185CF00E31B32 /* IntegrationHealth.swift */ = {isa = PBXFileReference; lastKnownFileType = sourcecode.swift; path = IntegrationHealth.swift; sourceTree = "<group>"; };
		F26E03B12AA139A20075E824 /* UIViewExtensionTests.swift */ = {isa = PBXFileReference; lastKnownFileType = sourcecode.swift; path = UIViewExtensionTests.swift; sourceTree = "<group>"; };
		F27045ED2B6A896700FE24FF /* NetworkMonitoringService.swift */ = {isa = PBXFileReference; lastKnownFileType = sourcecode.swift; path = NetworkMonitoringService.swift; sourceTree = "<group>"; };
		F27045EF2B6A8FBE00FE24FF /* NetworkMonitoringServiceTests.swift */ = {isa = PBXFileReference; lastKnownFileType = sourcecode.swift; path = NetworkMonitoringServiceTests.swift; sourceTree = "<group>"; };
		F27883E72AA23F920063F78B /* TouchEventsTests.swift */ = {isa = PBXFileReference; lastKnownFileType = sourcecode.swift; path = TouchEventsTests.swift; sourceTree = "<group>"; };
		F2AEE7362A27A5D6009690CB /* NIDLog.swift */ = {isa = PBXFileReference; lastKnownFileType = sourcecode.swift; path = NIDLog.swift; sourceTree = "<group>"; };
		F2AEE7382A27A64E009690CB /* NIDSession.swift */ = {isa = PBXFileReference; lastKnownFileType = sourcecode.swift; path = NIDSession.swift; sourceTree = "<group>"; };
		F2AEE73A2A27A684009690CB /* NIDForm.swift */ = {isa = PBXFileReference; lastKnownFileType = sourcecode.swift; path = NIDForm.swift; sourceTree = "<group>"; };
		F2AEE73C2A27A6AE009690CB /* NIDScreen.swift */ = {isa = PBXFileReference; lastKnownFileType = sourcecode.swift; path = NIDScreen.swift; sourceTree = "<group>"; };
		F2AEE73E2A27A6E9009690CB /* NIDUser.swift */ = {isa = PBXFileReference; lastKnownFileType = sourcecode.swift; path = NIDUser.swift; sourceTree = "<group>"; };
		F2AEE7402A27A719009690CB /* NIDEnv.swift */ = {isa = PBXFileReference; lastKnownFileType = sourcecode.swift; path = NIDEnv.swift; sourceTree = "<group>"; };
		F2AEE7422A27A7B5009690CB /* NIDClientSiteId.swift */ = {isa = PBXFileReference; lastKnownFileType = sourcecode.swift; path = NIDClientSiteId.swift; sourceTree = "<group>"; };
		F2AEE7442A27A814009690CB /* NIDRegistration.swift */ = {isa = PBXFileReference; lastKnownFileType = sourcecode.swift; path = NIDRegistration.swift; sourceTree = "<group>"; };
		F2AEE7462A27A84B009690CB /* NIDSend.swift */ = {isa = PBXFileReference; lastKnownFileType = sourcecode.swift; path = NIDSend.swift; sourceTree = "<group>"; };
		F2EF2A4C2A9FAC3200FBDA0D /* BaseClassExtensionTests.swift */ = {isa = PBXFileReference; lastKnownFileType = sourcecode.swift; path = BaseClassExtensionTests.swift; sourceTree = "<group>"; };
		F2F0A3EF29F6C8390083D43C /* IntegrationHealthTests.swift */ = {isa = PBXFileReference; lastKnownFileType = sourcecode.swift; path = IntegrationHealthTests.swift; sourceTree = "<group>"; };
		F2F0A3F229FB051D0083D43C /* FileCreationUtils.swift */ = {isa = PBXFileReference; lastKnownFileType = sourcecode.swift; path = FileCreationUtils.swift; sourceTree = "<group>"; };
		F2F0A3F429FB05A90083D43C /* Constants.swift */ = {isa = PBXFileReference; lastKnownFileType = sourcecode.swift; path = Constants.swift; sourceTree = "<group>"; };
/* End PBXFileReference section */

/* Begin PBXFrameworksBuildPhase section */
		26BCF339268DA3C40002C289 /* Frameworks */ = {
			isa = PBXFrameworksBuildPhase;
			buildActionMask = 2147483647;
			files = (
				6F543ED32BAA060A00920A7C /* Pods_NeuroID.framework in Frameworks */,
				26BCF35B268DAC5A0002C289 /* Foundation.framework in Frameworks */,
				26BCF359268DAC530002C289 /* Security.framework in Frameworks */,
			);
			runOnlyForDeploymentPostprocessing = 0;
		};
		6F39E8C626CEA9A800BE9834 /* Frameworks */ = {
			isa = PBXFrameworksBuildPhase;
			buildActionMask = 2147483647;
			files = (
				6F39E8CE26CEA9A800BE9834 /* NeuroID.framework in Frameworks */,
				E494C0748D7A30D17CC3E764 /* Pods_SDKTest.framework in Frameworks */,
			);
			runOnlyForDeploymentPostprocessing = 0;
		};
		6F39E8D526CEAA0C00BE9834 /* Frameworks */ = {
			isa = PBXFrameworksBuildPhase;
			buildActionMask = 2147483647;
			files = (
			);
			runOnlyForDeploymentPostprocessing = 0;
		};
/* End PBXFrameworksBuildPhase section */

/* Begin PBXGroup section */
		26BCF332268DA3C40002C289 = {
			isa = PBXGroup;
			children = (
				26BCF33E268DA3C40002C289 /* NeuroID */,
				6F39E8CA26CEA9A800BE9834 /* SDKTest */,
				6F39E8D926CEAA0C00BE9834 /* SDKUITest */,
				26BCF33D268DA3C40002C289 /* Products */,
				26BCF357268DAC530002C289 /* Frameworks */,
				6FCA77C328BF40E700E06DC1 /* Recovered References */,
				28A707D16F5F22FB53823CEE /* Pods */,
			);
			sourceTree = "<group>";
		};
		26BCF33D268DA3C40002C289 /* Products */ = {
			isa = PBXGroup;
			children = (
				26BCF33C268DA3C40002C289 /* NeuroID.framework */,
				6F39E8C926CEA9A800BE9834 /* SDKTest.xctest */,
				6F39E8D826CEAA0C00BE9834 /* SDKUITest.xctest */,
			);
			name = Products;
			sourceTree = "<group>";
		};
		26BCF33E268DA3C40002C289 /* NeuroID */ = {
			isa = PBXGroup;
			children = (
				6F467EDE2BAA0D8500B0605D /* PrivacyInfo.xcprivacy */,
				F228AA8E2A0180F80004892F /* Resources */,
				26BCF349268DA7CF0002C289 /* DataStore.swift */,
				26BCF34B268DA7CF0002C289 /* NIDEvent.swift */,
				26BCF340268DA3C40002C289 /* Info.plist */,
				F217029A29D4C76100133A1C /* TrackerEvents */,
				F217029729D4C4BE00133A1C /* TrackerClassExtensions */,
				26BCF34A268DA7CF0002C289 /* NeuroIDTracker.swift */,
				26BCF33F268DA3C40002C289 /* NeuroID.h */,
				F21702D329D6077600133A1C /* NIDParamsCreator.swift */,
				F2AEE7342A27A5BE009690CB /* NeuroIDClass */,
				F25908DD2BEE62E100B7A73D /* Models */,
				F2F0A3F129FB05040083D43C /* Utilities */,
				6F39E8A926CE9F7B00BE9834 /* SDKPreferences.swift */,
				4B0AA7F82B646D50001F26B3 /* NIDCallStatusObserver.swift */,
				076252EE2876294400FBA209 /* NeuroIDSensors.swift */,
				07A05C2028B91B4D00509509 /* NIDMetadata.swift */,
				6FE77FE52937B3F700357284 /* NIDErrors.swift */,
				F2F0A3F429FB05A90083D43C /* Constants.swift */,
			);
			path = NeuroID;
			sourceTree = "<group>";
		};
		26BCF357268DAC530002C289 /* Frameworks */ = {
			isa = PBXGroup;
			children = (
				26BCF35A268DAC5A0002C289 /* Foundation.framework */,
				26BCF358268DAC530002C289 /* Security.framework */,
				0BE81C58F8FE6463D8FCF793 /* Pods_NeuroID.framework */,
				90304BED0DA33798E4F66EB6 /* Pods_SDKTest.framework */,
			);
			name = Frameworks;
			sourceTree = "<group>";
		};
		28A707D16F5F22FB53823CEE /* Pods */ = {
			isa = PBXGroup;
			children = (
				EF519CD46811BD283A2D1533 /* Pods-NeuroID.debug.xcconfig */,
				91F02E629A22E34E06D2AF87 /* Pods-NeuroID.release.xcconfig */,
				47EAD830ADF3CCE22244EE89 /* Pods-NeuroID.staging.xcconfig */,
				153C967454B5320D895ADE13 /* Pods-SDKTest.debug.xcconfig */,
				3AFA17D1FB9CF9E866313997 /* Pods-SDKTest.release.xcconfig */,
				ADF6B1D19ADA519BE68B6047 /* Pods-SDKTest.staging.xcconfig */,
			);
			path = Pods;
			sourceTree = "<group>";
		};
		6F39E8CA26CEA9A800BE9834 /* SDKTest */ = {
			isa = PBXGroup;
			children = (
				6F47B9B22B7E81230047DFCB /* Utils */,
				6FB5672C2B7A7B71009B2959 /* NIDPerformanceTests.swift */,
				6FF06B26271FCA8300F6704C /* DataStoreTests.swift */,
				6F39E8CB26CEA9A800BE9834 /* SessionTests.swift */,
				6F39E8CD26CEA9A800BE9834 /* Info.plist */,
				6F39E8E026CEAA7900BE9834 /* NIDEventTests.swift */,
				07BB4F61287FE8A200910665 /* SensorsTest.swift */,
				07A2668B28A6A5BC00E973E2 /* PayloadTest.swift */,
				F21702D529D607E600133A1C /* NIDParamsCreatorTests.swift */,
				F2F0A3EF29F6C8390083D43C /* IntegrationHealthTests.swift */,
				F25F4BA229DDB5C900E31B32 /* NeuroIDClassTests.swift */,
				F25F4BA029DCBF4000E31B32 /* NeuroIDTrackerTests.swift */,
				F216C4092A72C649001DDABB /* UtilFunctionsTests.swift */,
				F2EF2A4C2A9FAC3200FBDA0D /* BaseClassExtensionTests.swift */,
				F26E03B12AA139A20075E824 /* UIViewExtensionTests.swift */,
				F27883E72AA23F920063F78B /* TouchEventsTests.swift */,
				F27045EF2B6A8FBE00FE24FF /* NetworkMonitoringServiceTests.swift */,
				6F709ED22BC58C7700F18895 /* ConfigServiceTests.swift */,
			);
			path = SDKTest;
			sourceTree = "<group>";
		};
		6F39E8D926CEAA0C00BE9834 /* SDKUITest */ = {
			isa = PBXGroup;
			children = (
				6F39E8DA26CEAA0C00BE9834 /* SDKUITest.swift */,
				6F39E8DC26CEAA0C00BE9834 /* Info.plist */,
			);
			path = SDKUITest;
			sourceTree = "<group>";
		};
		6F47B9B22B7E81230047DFCB /* Utils */ = {
			isa = PBXGroup;
			children = (
				6F47B9B32B7E814D0047DFCB /* NIDNetworkServiceTestImpl.swift */,
			);
			path = Utils;
			sourceTree = "<group>";
		};
		6FCA77C328BF40E700E06DC1 /* Recovered References */ = {
			isa = PBXGroup;
			children = (
			);
			name = "Recovered References";
			sourceTree = "<group>";
		};
		F217029729D4C4BE00133A1C /* TrackerClassExtensions */ = {
			isa = PBXGroup;
			children = (
				F21702CB29D5D5E800133A1C /* Bundle.swift */,
				F21702B429D4CD9900133A1C /* BaseClassExtensions */,
				F21702B329D4CD8000133A1C /* UIClassExtensions */,
				F21702CF29D5E9D800133A1C /* Utils.swift */,
			);
			path = TrackerClassExtensions;
			sourceTree = "<group>";
		};
		F217029A29D4C76100133A1C /* TrackerEvents */ = {
			isa = PBXGroup;
			children = (
				F21702C529D5D5D000133A1C /* TextControlEvents.swift */,
				F21702C629D5D5D000133A1C /* TouchEvents.swift */,
				F217029B29D4C79F00133A1C /* AppEvents.swift */,
				F217029D29D4C7CE00133A1C /* DeviceEvents.swift */,
				F21702A329D4C98E00133A1C /* ValueEvents.swift */,
			);
			path = TrackerEvents;
			sourceTree = "<group>";
		};
		F21702B329D4CD8000133A1C /* UIClassExtensions */ = {
			isa = PBXGroup;
			children = (
				F21702B129D4CCF300133A1C /* UIView.swift */,
				F21702AF29D4CCA800133A1C /* UITableView.swift */,
				F21702AD29D4CC5500133A1C /* UINavigationController.swift */,
				F21702A729D4CAD300133A1C /* UIButton.swift */,
				F21702A529D4CA8E00133A1C /* UITextView.swift */,
				F217029829D4C4DF00133A1C /* UITextField.swift */,
				F21702A929D4CB4900133A1C /* UIViewController.swift */,
				F25165482A6EF74700D41B89 /* UIScrollView.swift */,
				6F6B754E2A8A9FDF00192E13 /* CommonTextFieldUtils.swift */,
			);
			path = UIClassExtensions;
			sourceTree = "<group>";
		};
		F21702B429D4CD9900133A1C /* BaseClassExtensions */ = {
			isa = PBXGroup;
			children = (
				F21702BF29D4CE7E00133A1C /* Sequence.swift */,
				F21702B529D4CDB300133A1C /* String.swift */,
				F21702B729D4CDD300133A1C /* Data.swift */,
				F21702BD29D4CE0700133A1C /* Double.swift */,
				F21702BB29D4CDF900133A1C /* Dictionary.swift */,
				F216C4012A718AEA001DDABB /* Optional.swift */,
				F216C4032A718B0A001DDABB /* LosslessStringConvertible.swift */,
				F216C4072A71BE19001DDABB /* Date.swift */,
			);
			path = BaseClassExtensions;
			sourceTree = "<group>";
		};
		F25908DD2BEE62E100B7A73D /* Models */ = {
			isa = PBXGroup;
			children = (
				F25908DE2BEE62EF00B7A73D /* ConfigModels.swift */,
			);
			path = Models;
			sourceTree = "<group>";
		};
		F2AEE7342A27A5BE009690CB /* NeuroIDClass */ = {
			isa = PBXGroup;
			children = (
				F2AEE7352A27A5C8009690CB /* Extensions */,
				F21702C129D4CECD00133A1C /* NeuroID.swift */,
			);
			path = NeuroIDClass;
			sourceTree = "<group>";
		};
		F2AEE7352A27A5C8009690CB /* Extensions */ = {
			isa = PBXGroup;
			children = (
				F2AEE7362A27A5D6009690CB /* NIDLog.swift */,
				F2AEE7442A27A814009690CB /* NIDRegistration.swift */,
				F2AEE7382A27A64E009690CB /* NIDSession.swift */,
				F2AEE73A2A27A684009690CB /* NIDForm.swift */,
				F2AEE73C2A27A6AE009690CB /* NIDScreen.swift */,
				F2AEE73E2A27A6E9009690CB /* NIDUser.swift */,
				F2AEE7402A27A719009690CB /* NIDEnv.swift */,
				F2AEE7422A27A7B5009690CB /* NIDClientSiteId.swift */,
				F2AEE7462A27A84B009690CB /* NIDSend.swift */,
				F23B75532AC36F8A00A7DF4D /* NIDRN.swift */,
				F2506FD02AD9A4FB00AD0903 /* NIDAdvancedDevice.swift */,
				F2546A6D2B9A121500348BD7 /* NIDTesting.swift */,
			);
			path = Extensions;
			sourceTree = "<group>";
		};
		F2F0A3F129FB05040083D43C /* Utilities */ = {
			isa = PBXGroup;
			children = (
				F25F4C7629F185CF00E31B32 /* IntegrationHealth.swift */,
				F2F0A3F229FB051D0083D43C /* FileCreationUtils.swift */,
				F27045ED2B6A896700FE24FF /* NetworkMonitoringService.swift */,
				6F47B9AE2B7E80360047DFCB /* NIDNetworkServiceImpl.swift */,
				6F47B9B02B7E80E50047DFCB /* NIDNetworkServiceProtocol.swift */,
				F25908E22BEE648400B7A73D /* NIDConfigService.swift */,
			);
			path = Utilities;
			sourceTree = "<group>";
		};
/* End PBXGroup section */

/* Begin PBXHeadersBuildPhase section */
		26BCF337268DA3C40002C289 /* Headers */ = {
			isa = PBXHeadersBuildPhase;
			buildActionMask = 2147483647;
			files = (
				26BCF341268DA3C40002C289 /* NeuroID.h in Headers */,
			);
			runOnlyForDeploymentPostprocessing = 0;
		};
/* End PBXHeadersBuildPhase section */

/* Begin PBXNativeTarget section */
		26BCF33B268DA3C40002C289 /* NeuroID */ = {
			isa = PBXNativeTarget;
			buildConfigurationList = 26BCF344268DA3C40002C289 /* Build configuration list for PBXNativeTarget "NeuroID" */;
			buildPhases = (
				4B0A71FBCF24C81A3D48483D /* [CP] Check Pods Manifest.lock */,
				26BCF337268DA3C40002C289 /* Headers */,
				26BCF338268DA3C40002C289 /* Sources */,
				6F543ED52BAA060A00920A7C /* Embed Frameworks */,
				26BCF339268DA3C40002C289 /* Frameworks */,
				26BCF33A268DA3C40002C289 /* Resources */,
			);
			buildRules = (
			);
			dependencies = (
			);
			name = NeuroID;
			productName = NeuroID;
			productReference = 26BCF33C268DA3C40002C289 /* NeuroID.framework */;
			productType = "com.apple.product-type.framework";
		};
		6F39E8C826CEA9A800BE9834 /* SDKTest */ = {
			isa = PBXNativeTarget;
			buildConfigurationList = 6F39E8D326CEA9A800BE9834 /* Build configuration list for PBXNativeTarget "SDKTest" */;
			buildPhases = (
				F8D1C2CFB4F4A41D8D4CAAA9 /* [CP] Check Pods Manifest.lock */,
				6F39E8C526CEA9A800BE9834 /* Sources */,
				6F39E8C626CEA9A800BE9834 /* Frameworks */,
				6F39E8C726CEA9A800BE9834 /* Resources */,
				737E9226198837C078C67497 /* [CP] Embed Pods Frameworks */,
			);
			buildRules = (
			);
			dependencies = (
				6F39E8D026CEA9A800BE9834 /* PBXTargetDependency */,
			);
			name = SDKTest;
			productName = SDKTest;
			productReference = 6F39E8C926CEA9A800BE9834 /* SDKTest.xctest */;
			productType = "com.apple.product-type.bundle.unit-test";
		};
		6F39E8D726CEAA0C00BE9834 /* SDKUITest */ = {
			isa = PBXNativeTarget;
			buildConfigurationList = 6F39E8DD26CEAA0C00BE9834 /* Build configuration list for PBXNativeTarget "SDKUITest" */;
			buildPhases = (
				6F39E8D426CEAA0C00BE9834 /* Sources */,
				6F39E8D526CEAA0C00BE9834 /* Frameworks */,
				6F39E8D626CEAA0C00BE9834 /* Resources */,
			);
			buildRules = (
			);
			dependencies = (
			);
			name = SDKUITest;
			productName = SDKUITest;
			productReference = 6F39E8D826CEAA0C00BE9834 /* SDKUITest.xctest */;
			productType = "com.apple.product-type.bundle.ui-testing";
		};
/* End PBXNativeTarget section */

/* Begin PBXProject section */
		26BCF333268DA3C40002C289 /* Project object */ = {
			isa = PBXProject;
			attributes = {
				BuildIndependentTargetsInParallel = YES;
				KnownAssetTags = (
					static,
				);
				LastSwiftUpdateCheck = 1250;
				LastUpgradeCheck = 1520;
				TargetAttributes = {
					26BCF33B268DA3C40002C289 = {
						CreatedOnToolsVersion = 12.5;
						LastSwiftMigration = 1250;
					};
					6F39E8C826CEA9A800BE9834 = {
						CreatedOnToolsVersion = 12.5.1;
					};
					6F39E8D726CEAA0C00BE9834 = {
						CreatedOnToolsVersion = 12.5.1;
					};
				};
			};
			buildConfigurationList = 26BCF336268DA3C40002C289 /* Build configuration list for PBXProject "NeuroID" */;
			compatibilityVersion = "Xcode 9.3";
			developmentRegion = en;
			hasScannedForEncodings = 0;
			knownRegions = (
				en,
				Base,
			);
			mainGroup = 26BCF332268DA3C40002C289;
			productRefGroup = 26BCF33D268DA3C40002C289 /* Products */;
			projectDirPath = "";
			projectRoot = "";
			targets = (
				26BCF33B268DA3C40002C289 /* NeuroID */,
				6F39E8C826CEA9A800BE9834 /* SDKTest */,
				6F39E8D726CEAA0C00BE9834 /* SDKUITest */,
			);
		};
/* End PBXProject section */

/* Begin PBXResourcesBuildPhase section */
		26BCF33A268DA3C40002C289 /* Resources */ = {
			isa = PBXResourcesBuildPhase;
			buildActionMask = 2147483647;
			files = (
				6FE6C96B2BBC97550033B9C2 /* PrivacyInfo.xcprivacy in Resources */,
				F228AA8F2A0180F80004892F /* Resources in Resources */,
			);
			runOnlyForDeploymentPostprocessing = 0;
		};
		6F39E8C726CEA9A800BE9834 /* Resources */ = {
			isa = PBXResourcesBuildPhase;
			buildActionMask = 2147483647;
			files = (
				F228AA902A0180F80004892F /* Resources in Resources */,
			);
			runOnlyForDeploymentPostprocessing = 0;
		};
		6F39E8D626CEAA0C00BE9834 /* Resources */ = {
			isa = PBXResourcesBuildPhase;
			buildActionMask = 2147483647;
			files = (
			);
			runOnlyForDeploymentPostprocessing = 0;
		};
/* End PBXResourcesBuildPhase section */

/* Begin PBXShellScriptBuildPhase section */
		4B0A71FBCF24C81A3D48483D /* [CP] Check Pods Manifest.lock */ = {
			isa = PBXShellScriptBuildPhase;
			buildActionMask = 2147483647;
			files = (
			);
			inputFileListPaths = (
			);
			inputPaths = (
				"${PODS_PODFILE_DIR_PATH}/Podfile.lock",
				"${PODS_ROOT}/Manifest.lock",
			);
			name = "[CP] Check Pods Manifest.lock";
			outputFileListPaths = (
			);
			outputPaths = (
				"$(DERIVED_FILE_DIR)/Pods-NeuroID-checkManifestLockResult.txt",
			);
			runOnlyForDeploymentPostprocessing = 0;
			shellPath = /bin/sh;
			shellScript = "diff \"${PODS_PODFILE_DIR_PATH}/Podfile.lock\" \"${PODS_ROOT}/Manifest.lock\" > /dev/null\nif [ $? != 0 ] ; then\n    # print error to STDERR\n    echo \"error: The sandbox is not in sync with the Podfile.lock. Run 'pod install' or update your CocoaPods installation.\" >&2\n    exit 1\nfi\n# This output is used by Xcode 'outputs' to avoid re-running this script phase.\necho \"SUCCESS\" > \"${SCRIPT_OUTPUT_FILE_0}\"\n";
			showEnvVarsInLog = 0;
		};
		737E9226198837C078C67497 /* [CP] Embed Pods Frameworks */ = {
			isa = PBXShellScriptBuildPhase;
			buildActionMask = 2147483647;
			files = (
			);
			inputFileListPaths = (
				"${PODS_ROOT}/Target Support Files/Pods-SDKTest/Pods-SDKTest-frameworks-${CONFIGURATION}-input-files.xcfilelist",
			);
			name = "[CP] Embed Pods Frameworks";
			outputFileListPaths = (
				"${PODS_ROOT}/Target Support Files/Pods-SDKTest/Pods-SDKTest-frameworks-${CONFIGURATION}-output-files.xcfilelist",
			);
			runOnlyForDeploymentPostprocessing = 0;
			shellPath = /bin/sh;
			shellScript = "\"${PODS_ROOT}/Target Support Files/Pods-SDKTest/Pods-SDKTest-frameworks.sh\"\n";
			showEnvVarsInLog = 0;
		};
		F8D1C2CFB4F4A41D8D4CAAA9 /* [CP] Check Pods Manifest.lock */ = {
			isa = PBXShellScriptBuildPhase;
			buildActionMask = 2147483647;
			files = (
			);
			inputFileListPaths = (
			);
			inputPaths = (
				"${PODS_PODFILE_DIR_PATH}/Podfile.lock",
				"${PODS_ROOT}/Manifest.lock",
			);
			name = "[CP] Check Pods Manifest.lock";
			outputFileListPaths = (
			);
			outputPaths = (
				"$(DERIVED_FILE_DIR)/Pods-SDKTest-checkManifestLockResult.txt",
			);
			runOnlyForDeploymentPostprocessing = 0;
			shellPath = /bin/sh;
			shellScript = "diff \"${PODS_PODFILE_DIR_PATH}/Podfile.lock\" \"${PODS_ROOT}/Manifest.lock\" > /dev/null\nif [ $? != 0 ] ; then\n    # print error to STDERR\n    echo \"error: The sandbox is not in sync with the Podfile.lock. Run 'pod install' or update your CocoaPods installation.\" >&2\n    exit 1\nfi\n# This output is used by Xcode 'outputs' to avoid re-running this script phase.\necho \"SUCCESS\" > \"${SCRIPT_OUTPUT_FILE_0}\"\n";
			showEnvVarsInLog = 0;
		};
/* End PBXShellScriptBuildPhase section */

/* Begin PBXSourcesBuildPhase section */
		26BCF338268DA3C40002C289 /* Sources */ = {
			isa = PBXSourcesBuildPhase;
			buildActionMask = 2147483647;
			files = (
				F21702B229D4CCF300133A1C /* UIView.swift in Sources */,
				F2F0A3F529FB05A90083D43C /* Constants.swift in Sources */,
				26BCF34E268DA7CF0002C289 /* NIDEvent.swift in Sources */,
				6F709ED72BC5905A00F18895 /* NIDMetadata.swift in Sources */,
				F217029C29D4C79F00133A1C /* AppEvents.swift in Sources */,
				F2AEE7452A27A814009690CB /* NIDRegistration.swift in Sources */,
				26BCF34D268DA7CF0002C289 /* NeuroIDTracker.swift in Sources */,
				076252EF2876294400FBA209 /* NeuroIDSensors.swift in Sources */,
				F21702D029D5E9D800133A1C /* Utils.swift in Sources */,
				F21702C229D4CECD00133A1C /* NeuroID.swift in Sources */,
				F251654A2A6EF74F00D41B89 /* UIScrollView.swift in Sources */,
				F25908E32BEE648400B7A73D /* NIDConfigService.swift in Sources */,
				F21702CC29D5D5E800133A1C /* Bundle.swift in Sources */,
				F216C4022A718AEA001DDABB /* Optional.swift in Sources */,
				F2F0A3F329FB051D0083D43C /* FileCreationUtils.swift in Sources */,
				F217029929D4C4DF00133A1C /* UITextField.swift in Sources */,
				F21702C029D4CE7E00133A1C /* Sequence.swift in Sources */,
				F2AEE7472A27A84B009690CB /* NIDSend.swift in Sources */,
				F216C4082A71BE19001DDABB /* Date.swift in Sources */,
				F21702C829D5D5D000133A1C /* TextControlEvents.swift in Sources */,
				6F6B754F2A8A9FDF00192E13 /* CommonTextFieldUtils.swift in Sources */,
				F25F4C7729F185D000E31B32 /* IntegrationHealth.swift in Sources */,
				F21702A829D4CAD300133A1C /* UIButton.swift in Sources */,
				6F39E8AA26CE9F7B00BE9834 /* SDKPreferences.swift in Sources */,
				6F47B9B12B7E80E50047DFCB /* NIDNetworkServiceProtocol.swift in Sources */,
				F21702BE29D4CE0700133A1C /* Double.swift in Sources */,
				F25908DF2BEE62EF00B7A73D /* ConfigModels.swift in Sources */,
				F21702C929D5D5D000133A1C /* TouchEvents.swift in Sources */,
				F2506FD12AD9A4FB00AD0903 /* NIDAdvancedDevice.swift in Sources */,
				F217029E29D4C7CE00133A1C /* DeviceEvents.swift in Sources */,
				F27045EE2B6A896700FE24FF /* NetworkMonitoringService.swift in Sources */,
				F21702A629D4CA8E00133A1C /* UITextView.swift in Sources */,
				F21702B029D4CCA800133A1C /* UITableView.swift in Sources */,
				F21702A429D4C98E00133A1C /* ValueEvents.swift in Sources */,
				F21702B829D4CDD300133A1C /* Data.swift in Sources */,
				6FE77FE62937B3F700357284 /* NIDErrors.swift in Sources */,
				F21702BC29D4CDF900133A1C /* Dictionary.swift in Sources */,
				F2546A6E2B9A121500348BD7 /* NIDTesting.swift in Sources */,
				F2AEE73B2A27A684009690CB /* NIDForm.swift in Sources */,
				F23B75542AC36F8A00A7DF4D /* NIDRN.swift in Sources */,
				F21702D429D6077600133A1C /* NIDParamsCreator.swift in Sources */,
				F2AEE73D2A27A6AE009690CB /* NIDScreen.swift in Sources */,
				F2AEE73F2A27A6E9009690CB /* NIDUser.swift in Sources */,
				F21702AE29D4CC5500133A1C /* UINavigationController.swift in Sources */,
				F2AEE7392A27A64E009690CB /* NIDSession.swift in Sources */,
				F2AEE7412A27A719009690CB /* NIDEnv.swift in Sources */,
				4B0AA7F92B646D50001F26B3 /* NIDCallStatusObserver.swift in Sources */,
				F21702B629D4CDB300133A1C /* String.swift in Sources */,
				F2AEE7432A27A7B5009690CB /* NIDClientSiteId.swift in Sources */,
				F216C4042A718B0A001DDABB /* LosslessStringConvertible.swift in Sources */,
				F21702AA29D4CB4900133A1C /* UIViewController.swift in Sources */,
				F2AEE7372A27A5D6009690CB /* NIDLog.swift in Sources */,
				6F47B9AF2B7E80360047DFCB /* NIDNetworkServiceImpl.swift in Sources */,
				26BCF34C268DA7CF0002C289 /* DataStore.swift in Sources */,
			);
			runOnlyForDeploymentPostprocessing = 0;
		};
		6F39E8C526CEA9A800BE9834 /* Sources */ = {
			isa = PBXSourcesBuildPhase;
			buildActionMask = 2147483647;
			files = (
				F21702D629D607E600133A1C /* NIDParamsCreatorTests.swift in Sources */,
				F216C40A2A72C649001DDABB /* UtilFunctionsTests.swift in Sources */,
				F27045F02B6A8FBE00FE24FF /* NetworkMonitoringServiceTests.swift in Sources */,
				F25F4BA129DCBF4000E31B32 /* NeuroIDTrackerTests.swift in Sources */,
				F2EF2A4D2A9FAC3200FBDA0D /* BaseClassExtensionTests.swift in Sources */,
				6FE77FE72937B3F700357284 /* NIDErrors.swift in Sources */,
				6F39E8E126CEAA7900BE9834 /* NIDEventTests.swift in Sources */,
				6F6B75502A8A9FDF00192E13 /* CommonTextFieldUtils.swift in Sources */,
				6F47B9B42B7E814D0047DFCB /* NIDNetworkServiceTestImpl.swift in Sources */,
				6F709ED32BC58C7700F18895 /* ConfigServiceTests.swift in Sources */,
				07BB4F62287FE8A200910665 /* SensorsTest.swift in Sources */,
				F27883E82AA23F920063F78B /* TouchEventsTests.swift in Sources */,
				F26E03B22AA139A20075E824 /* UIViewExtensionTests.swift in Sources */,
				F25F4BA329DDB5C900E31B32 /* NeuroIDClassTests.swift in Sources */,
				07A2668C28A6A5BC00E973E2 /* PayloadTest.swift in Sources */,
				F2F0A3F029F6C8390083D43C /* IntegrationHealthTests.swift in Sources */,
				6F39E8CC26CEA9A800BE9834 /* SessionTests.swift in Sources */,
				6FF06B2A271FCAA700F6704C /* DataStoreTests.swift in Sources */,
				6FB5672D2B7A7B71009B2959 /* NIDPerformanceTests.swift in Sources */,
			);
			runOnlyForDeploymentPostprocessing = 0;
		};
		6F39E8D426CEAA0C00BE9834 /* Sources */ = {
			isa = PBXSourcesBuildPhase;
			buildActionMask = 2147483647;
			files = (
				6FE77FE82937B3F700357284 /* NIDErrors.swift in Sources */,
				6F39E8DB26CEAA0C00BE9834 /* SDKUITest.swift in Sources */,
				6F6B75512A8A9FDF00192E13 /* CommonTextFieldUtils.swift in Sources */,
			);
			runOnlyForDeploymentPostprocessing = 0;
		};
/* End PBXSourcesBuildPhase section */

/* Begin PBXTargetDependency section */
		6F39E8D026CEA9A800BE9834 /* PBXTargetDependency */ = {
			isa = PBXTargetDependency;
			target = 26BCF33B268DA3C40002C289 /* NeuroID */;
			targetProxy = 6F39E8CF26CEA9A800BE9834 /* PBXContainerItemProxy */;
		};
/* End PBXTargetDependency section */

/* Begin XCBuildConfiguration section */
		07BB4F632890438300910665 /* Staging */ = {
			isa = XCBuildConfiguration;
			buildSettings = {
				ALWAYS_SEARCH_USER_PATHS = NO;
				CLANG_ANALYZER_NONNULL = YES;
				CLANG_ANALYZER_NUMBER_OBJECT_CONVERSION = YES_AGGRESSIVE;
				CLANG_CXX_LANGUAGE_STANDARD = "gnu++14";
				CLANG_CXX_LIBRARY = "libc++";
				CLANG_ENABLE_MODULES = YES;
				CLANG_ENABLE_OBJC_ARC = YES;
				CLANG_ENABLE_OBJC_WEAK = YES;
				CLANG_WARN_BLOCK_CAPTURE_AUTORELEASING = YES;
				CLANG_WARN_BOOL_CONVERSION = YES;
				CLANG_WARN_COMMA = YES;
				CLANG_WARN_CONSTANT_CONVERSION = YES;
				CLANG_WARN_DEPRECATED_OBJC_IMPLEMENTATIONS = YES;
				CLANG_WARN_DIRECT_OBJC_ISA_USAGE = YES_ERROR;
				CLANG_WARN_DOCUMENTATION_COMMENTS = YES;
				CLANG_WARN_EMPTY_BODY = YES;
				CLANG_WARN_ENUM_CONVERSION = YES;
				CLANG_WARN_INFINITE_RECURSION = YES;
				CLANG_WARN_INT_CONVERSION = YES;
				CLANG_WARN_NON_LITERAL_NULL_CONVERSION = YES;
				CLANG_WARN_OBJC_IMPLICIT_RETAIN_SELF = YES;
				CLANG_WARN_OBJC_LITERAL_CONVERSION = YES;
				CLANG_WARN_OBJC_ROOT_CLASS = YES_ERROR;
				CLANG_WARN_QUOTED_INCLUDE_IN_FRAMEWORK_HEADER = YES;
				CLANG_WARN_RANGE_LOOP_ANALYSIS = YES;
				CLANG_WARN_STRICT_PROTOTYPES = YES;
				CLANG_WARN_SUSPICIOUS_MOVE = YES;
				CLANG_WARN_UNGUARDED_AVAILABILITY = YES_AGGRESSIVE;
				CLANG_WARN_UNREACHABLE_CODE = YES;
				CLANG_WARN__DUPLICATE_METHOD_MATCH = YES;
				CODE_SIGN_IDENTITY = "Apple Distribution: NEURO-ID, INC. (9B7FQ8D7B8)";
				CODE_SIGN_STYLE = Manual;
				COPY_PHASE_STRIP = NO;
				CURRENT_PROJECT_VERSION = 1;
				DEBUG_INFORMATION_FORMAT = "dwarf-with-dsym";
				DEVELOPMENT_TEAM = 9B7FQ8D7B8;
				ENABLE_NS_ASSERTIONS = NO;
				ENABLE_STRICT_OBJC_MSGSEND = YES;
				GCC_C_LANGUAGE_STANDARD = gnu11;
				GCC_NO_COMMON_BLOCKS = YES;
				GCC_PREPROCESSOR_DEFINITIONS = "";
				GCC_WARN_64_TO_32_BIT_CONVERSION = YES;
				GCC_WARN_ABOUT_RETURN_TYPE = YES_ERROR;
				GCC_WARN_UNDECLARED_SELECTOR = YES;
				GCC_WARN_UNINITIALIZED_AUTOS = YES_AGGRESSIVE;
				GCC_WARN_UNUSED_FUNCTION = YES;
				GCC_WARN_UNUSED_VARIABLE = YES;
				IPHONEOS_DEPLOYMENT_TARGET = 12.0;
				MTL_ENABLE_DEBUG_INFO = NO;
				MTL_FAST_MATH = YES;
				OTHER_CFLAGS = "-DNDEBUG";
				OTHER_CODE_SIGN_FLAGS = "--deep";
				SDKROOT = iphoneos;
				SWIFT_COMPILATION_MODE = wholemodule;
				SWIFT_OPTIMIZATION_LEVEL = "-O";
				VALIDATE_PRODUCT = YES;
				VERSIONING_SYSTEM = "apple-generic";
				VERSION_INFO_PREFIX = "";
			};
			name = Staging;
		};
		07BB4F642890438300910665 /* Staging */ = {
			isa = XCBuildConfiguration;
			baseConfigurationReference = 47EAD830ADF3CCE22244EE89 /* Pods-NeuroID.staging.xcconfig */;
			buildSettings = {
				CLANG_ENABLE_MODULES = YES;
				CODE_SIGN_IDENTITY = "Apple Distribution: NEURO-ID, INC. (9B7FQ8D7B8)";
				"CODE_SIGN_IDENTITY[sdk=iphoneos*]" = "Apple Distribution: NEURO-ID, INC. (9B7FQ8D7B8)";
				CODE_SIGN_STYLE = Manual;
				CURRENT_PROJECT_VERSION = 2.4.5;
				DEFINES_MODULE = YES;
				DEVELOPMENT_ASSET_PATHS = "";
				DEVELOPMENT_TEAM = "";
				"DEVELOPMENT_TEAM[sdk=iphoneos*]" = 9B7FQ8D7B8;
				DYLIB_COMPATIBILITY_VERSION = 1;
				DYLIB_CURRENT_VERSION = 1;
				DYLIB_INSTALL_NAME_BASE = "@rpath";
				ENABLE_MODULE_VERIFIER = YES;
				GCC_PREPROCESSOR_DEFINITIONS = "";
				INFOPLIST_FILE = NeuroID/Info.plist;
				INSTALL_PATH = "$(LOCAL_LIBRARY_DIR)/Frameworks";
				IPHONEOS_DEPLOYMENT_TARGET = 12.0;
				LD_RUNPATH_SEARCH_PATHS = (
					"$(inherited)",
					"@executable_path/Frameworks",
					"@loader_path/Frameworks",
				);
				MARKETING_VERSION = 2.4.5;
				MODULE_VERIFIER_SUPPORTED_LANGUAGES = "objective-c objective-c++";
				MODULE_VERIFIER_SUPPORTED_LANGUAGE_STANDARDS = "gnu11 gnu++14";
				OTHER_CFLAGS = "-DNDEBUG";
				OTHER_CODE_SIGN_FLAGS = "--deep";
				PRODUCT_BUNDLE_IDENTIFIER = com.neuroid.sdk.staging;
				PRODUCT_NAME = "$(TARGET_NAME:c99extidentifier)";
				PROVISIONING_PROFILE_SPECIFIER = "";
				SKIP_INSTALL = YES;
				SWIFT_ACTIVE_COMPILATION_CONDITIONS = STAGING;
				SWIFT_VERSION = 5.0;
				TARGETED_DEVICE_FAMILY = "1,2";
			};
			name = Staging;
		};
		07BB4F652890438300910665 /* Staging */ = {
			isa = XCBuildConfiguration;
			baseConfigurationReference = ADF6B1D19ADA519BE68B6047 /* Pods-SDKTest.staging.xcconfig */;
			buildSettings = {
				CODE_SIGN_IDENTITY = "Apple Distribution: NEURO-ID, INC. (9B7FQ8D7B8)";
				CODE_SIGN_STYLE = Automatic;
				DEVELOPMENT_TEAM = X9986UAU23;
				INFOPLIST_FILE = SDKTest/Info.plist;
				IPHONEOS_DEPLOYMENT_TARGET = 12.0;
				LD_RUNPATH_SEARCH_PATHS = (
					"$(inherited)",
					"@executable_path/Frameworks",
					"@loader_path/Frameworks",
				);
				MACOSX_DEPLOYMENT_TARGET = 11.0;
				OTHER_CFLAGS = "-DNDEBUG";
				PRODUCT_BUNDLE_IDENTIFIER = com.neuroid.SDKTest;
				PRODUCT_NAME = "$(TARGET_NAME)";
				SWIFT_VERSION = 5.0;
				TARGETED_DEVICE_FAMILY = "1,2";
			};
			name = Staging;
		};
		07BB4F662890438300910665 /* Staging */ = {
			isa = XCBuildConfiguration;
			buildSettings = {
				CODE_SIGN_STYLE = Automatic;
				DEVELOPMENT_TEAM = X9986UAU23;
				INFOPLIST_FILE = SDKUITest/Info.plist;
				IPHONEOS_DEPLOYMENT_TARGET = 12.0;
				LD_RUNPATH_SEARCH_PATHS = (
					"$(inherited)",
					"@executable_path/Frameworks",
					"@loader_path/Frameworks",
				);
				MACOSX_DEPLOYMENT_TARGET = 11.0;
				OTHER_CFLAGS = "-DNDEBUG";
				PRODUCT_BUNDLE_IDENTIFIER = com.neuroid.SDKUITest;
				PRODUCT_NAME = "$(TARGET_NAME)";
				PROVISIONING_PROFILE = "";
				SWIFT_VERSION = 5.0;
				TARGETED_DEVICE_FAMILY = "1,2";
			};
			name = Staging;
		};
		26BCF342268DA3C40002C289 /* Debug */ = {
			isa = XCBuildConfiguration;
			buildSettings = {
				ALWAYS_SEARCH_USER_PATHS = NO;
				CLANG_ANALYZER_NONNULL = YES;
				CLANG_ANALYZER_NUMBER_OBJECT_CONVERSION = YES_AGGRESSIVE;
				CLANG_CXX_LANGUAGE_STANDARD = "gnu++14";
				CLANG_CXX_LIBRARY = "libc++";
				CLANG_ENABLE_MODULES = YES;
				CLANG_ENABLE_OBJC_ARC = YES;
				CLANG_ENABLE_OBJC_WEAK = YES;
				CLANG_WARN_BLOCK_CAPTURE_AUTORELEASING = YES;
				CLANG_WARN_BOOL_CONVERSION = YES;
				CLANG_WARN_COMMA = YES;
				CLANG_WARN_CONSTANT_CONVERSION = YES;
				CLANG_WARN_DEPRECATED_OBJC_IMPLEMENTATIONS = YES;
				CLANG_WARN_DIRECT_OBJC_ISA_USAGE = YES_ERROR;
				CLANG_WARN_DOCUMENTATION_COMMENTS = YES;
				CLANG_WARN_EMPTY_BODY = YES;
				CLANG_WARN_ENUM_CONVERSION = YES;
				CLANG_WARN_INFINITE_RECURSION = YES;
				CLANG_WARN_INT_CONVERSION = YES;
				CLANG_WARN_NON_LITERAL_NULL_CONVERSION = YES;
				CLANG_WARN_OBJC_IMPLICIT_RETAIN_SELF = YES;
				CLANG_WARN_OBJC_LITERAL_CONVERSION = YES;
				CLANG_WARN_OBJC_ROOT_CLASS = YES_ERROR;
				CLANG_WARN_QUOTED_INCLUDE_IN_FRAMEWORK_HEADER = YES;
				CLANG_WARN_RANGE_LOOP_ANALYSIS = YES;
				CLANG_WARN_STRICT_PROTOTYPES = YES;
				CLANG_WARN_SUSPICIOUS_MOVE = YES;
				CLANG_WARN_UNGUARDED_AVAILABILITY = YES_AGGRESSIVE;
				CLANG_WARN_UNREACHABLE_CODE = YES;
				CLANG_WARN__DUPLICATE_METHOD_MATCH = YES;
				CODE_SIGN_IDENTITY = "Apple Distribution: NEURO-ID, INC. (9B7FQ8D7B8)";
				CODE_SIGN_STYLE = Manual;
				COPY_PHASE_STRIP = NO;
				CURRENT_PROJECT_VERSION = 1;
				DEBUG_INFORMATION_FORMAT = dwarf;
				DEVELOPMENT_TEAM = 9B7FQ8D7B8;
				ENABLE_STRICT_OBJC_MSGSEND = YES;
				ENABLE_TESTABILITY = YES;
				GCC_C_LANGUAGE_STANDARD = gnu11;
				GCC_DYNAMIC_NO_PIC = NO;
				GCC_NO_COMMON_BLOCKS = YES;
				GCC_OPTIMIZATION_LEVEL = 0;
				GCC_PREPROCESSOR_DEFINITIONS = (
					"DEBUG=1",
					"$(inherited)",
				);
				GCC_WARN_64_TO_32_BIT_CONVERSION = YES;
				GCC_WARN_ABOUT_RETURN_TYPE = YES_ERROR;
				GCC_WARN_UNDECLARED_SELECTOR = YES;
				GCC_WARN_UNINITIALIZED_AUTOS = YES_AGGRESSIVE;
				GCC_WARN_UNUSED_FUNCTION = YES;
				GCC_WARN_UNUSED_VARIABLE = YES;
				IPHONEOS_DEPLOYMENT_TARGET = 12.0;
				MTL_ENABLE_DEBUG_INFO = INCLUDE_SOURCE;
				MTL_FAST_MATH = YES;
				ONLY_ACTIVE_ARCH = YES;
				OTHER_CFLAGS = "-DNDEBUG";
				OTHER_CODE_SIGN_FLAGS = "--deep";
				SDKROOT = iphoneos;
				SWIFT_ACTIVE_COMPILATION_CONDITIONS = DEBUG;
				SWIFT_OPTIMIZATION_LEVEL = "-Onone";
				VERSIONING_SYSTEM = "apple-generic";
				VERSION_INFO_PREFIX = "";
			};
			name = Debug;
		};
		26BCF343268DA3C40002C289 /* Release */ = {
			isa = XCBuildConfiguration;
			buildSettings = {
				ALWAYS_SEARCH_USER_PATHS = NO;
				CLANG_ANALYZER_NONNULL = YES;
				CLANG_ANALYZER_NUMBER_OBJECT_CONVERSION = YES_AGGRESSIVE;
				CLANG_CXX_LANGUAGE_STANDARD = "gnu++14";
				CLANG_CXX_LIBRARY = "libc++";
				CLANG_ENABLE_MODULES = YES;
				CLANG_ENABLE_OBJC_ARC = YES;
				CLANG_ENABLE_OBJC_WEAK = YES;
				CLANG_WARN_BLOCK_CAPTURE_AUTORELEASING = YES;
				CLANG_WARN_BOOL_CONVERSION = YES;
				CLANG_WARN_COMMA = YES;
				CLANG_WARN_CONSTANT_CONVERSION = YES;
				CLANG_WARN_DEPRECATED_OBJC_IMPLEMENTATIONS = YES;
				CLANG_WARN_DIRECT_OBJC_ISA_USAGE = YES_ERROR;
				CLANG_WARN_DOCUMENTATION_COMMENTS = YES;
				CLANG_WARN_EMPTY_BODY = YES;
				CLANG_WARN_ENUM_CONVERSION = YES;
				CLANG_WARN_INFINITE_RECURSION = YES;
				CLANG_WARN_INT_CONVERSION = YES;
				CLANG_WARN_NON_LITERAL_NULL_CONVERSION = YES;
				CLANG_WARN_OBJC_IMPLICIT_RETAIN_SELF = YES;
				CLANG_WARN_OBJC_LITERAL_CONVERSION = YES;
				CLANG_WARN_OBJC_ROOT_CLASS = YES_ERROR;
				CLANG_WARN_QUOTED_INCLUDE_IN_FRAMEWORK_HEADER = YES;
				CLANG_WARN_RANGE_LOOP_ANALYSIS = YES;
				CLANG_WARN_STRICT_PROTOTYPES = YES;
				CLANG_WARN_SUSPICIOUS_MOVE = YES;
				CLANG_WARN_UNGUARDED_AVAILABILITY = YES_AGGRESSIVE;
				CLANG_WARN_UNREACHABLE_CODE = YES;
				CLANG_WARN__DUPLICATE_METHOD_MATCH = YES;
				CODE_SIGN_IDENTITY = "Apple Distribution: NEURO-ID, INC. (9B7FQ8D7B8)";
				CODE_SIGN_STYLE = Manual;
				COPY_PHASE_STRIP = NO;
				CURRENT_PROJECT_VERSION = 1;
				DEBUG_INFORMATION_FORMAT = "dwarf-with-dsym";
				DEVELOPMENT_TEAM = 9B7FQ8D7B8;
				ENABLE_NS_ASSERTIONS = NO;
				ENABLE_STRICT_OBJC_MSGSEND = YES;
				GCC_C_LANGUAGE_STANDARD = gnu11;
				GCC_NO_COMMON_BLOCKS = YES;
				GCC_PREPROCESSOR_DEFINITIONS = "";
				GCC_WARN_64_TO_32_BIT_CONVERSION = YES;
				GCC_WARN_ABOUT_RETURN_TYPE = YES_ERROR;
				GCC_WARN_UNDECLARED_SELECTOR = YES;
				GCC_WARN_UNINITIALIZED_AUTOS = YES_AGGRESSIVE;
				GCC_WARN_UNUSED_FUNCTION = YES;
				GCC_WARN_UNUSED_VARIABLE = YES;
				IPHONEOS_DEPLOYMENT_TARGET = 12.0;
				MTL_ENABLE_DEBUG_INFO = NO;
				MTL_FAST_MATH = YES;
				OTHER_CFLAGS = "-DNDEBUG";
				OTHER_CODE_SIGN_FLAGS = "--deep";
				SDKROOT = iphoneos;
				SWIFT_COMPILATION_MODE = wholemodule;
				SWIFT_OPTIMIZATION_LEVEL = "-O";
				VALIDATE_PRODUCT = YES;
				VERSIONING_SYSTEM = "apple-generic";
				VERSION_INFO_PREFIX = "";
			};
			name = Release;
		};
		26BCF345268DA3C40002C289 /* Debug */ = {
			isa = XCBuildConfiguration;
			baseConfigurationReference = EF519CD46811BD283A2D1533 /* Pods-NeuroID.debug.xcconfig */;
			buildSettings = {
				CLANG_ENABLE_MODULES = YES;
				CODE_SIGN_IDENTITY = "Apple Distribution: NEURO-ID, INC. (9B7FQ8D7B8)";
				"CODE_SIGN_IDENTITY[sdk=iphoneos*]" = "Apple Distribution: NEURO-ID, INC. (9B7FQ8D7B8)";
				CODE_SIGN_STYLE = Manual;
				CURRENT_PROJECT_VERSION = 2.4.5;
				DEFINES_MODULE = YES;
				DEVELOPMENT_ASSET_PATHS = "";
				DEVELOPMENT_TEAM = "";
				"DEVELOPMENT_TEAM[sdk=iphoneos*]" = 9B7FQ8D7B8;
				DYLIB_COMPATIBILITY_VERSION = 1;
				DYLIB_CURRENT_VERSION = 1;
				DYLIB_INSTALL_NAME_BASE = "@rpath";
				ENABLE_MODULE_VERIFIER = YES;
				GCC_PREPROCESSOR_DEFINITIONS = (
					"DEBUG=1",
					"$(inherited)",
				);
				INFOPLIST_FILE = NeuroID/Info.plist;
				INSTALL_PATH = "$(LOCAL_LIBRARY_DIR)/Frameworks";
				IPHONEOS_DEPLOYMENT_TARGET = 12.0;
				LD_RUNPATH_SEARCH_PATHS = (
					"$(inherited)",
					"@executable_path/Frameworks",
					"@loader_path/Frameworks",
				);
				MARKETING_VERSION = 2.4.5;
				MODULE_VERIFIER_SUPPORTED_LANGUAGES = "objective-c objective-c++";
				MODULE_VERIFIER_SUPPORTED_LANGUAGE_STANDARDS = "gnu11 gnu++14";
				OTHER_CFLAGS = "-DNDEBUG";
				OTHER_CODE_SIGN_FLAGS = "--deep";
				PRODUCT_BUNDLE_IDENTIFIER = com.neuroid.sdk;
				PRODUCT_NAME = "$(TARGET_NAME:c99extidentifier)";
				PROVISIONING_PROFILE_SPECIFIER = "";
				SKIP_INSTALL = YES;
				SWIFT_OPTIMIZATION_LEVEL = "-Onone";
				SWIFT_VERSION = 5.0;
				TARGETED_DEVICE_FAMILY = "1,2";
			};
			name = Debug;
		};
		26BCF346268DA3C40002C289 /* Release */ = {
			isa = XCBuildConfiguration;
			baseConfigurationReference = 91F02E629A22E34E06D2AF87 /* Pods-NeuroID.release.xcconfig */;
			buildSettings = {
				CLANG_ENABLE_MODULES = YES;
				CODE_SIGN_IDENTITY = "Apple Distribution: NEURO-ID, INC. (9B7FQ8D7B8)";
				"CODE_SIGN_IDENTITY[sdk=iphoneos*]" = "Apple Distribution: NEURO-ID, INC. (9B7FQ8D7B8)";
				CODE_SIGN_STYLE = Manual;
				CURRENT_PROJECT_VERSION = 2.4.5;
				DEFINES_MODULE = YES;
				DEVELOPMENT_ASSET_PATHS = "";
				DEVELOPMENT_TEAM = "";
				"DEVELOPMENT_TEAM[sdk=iphoneos*]" = 9B7FQ8D7B8;
				DYLIB_COMPATIBILITY_VERSION = 1;
				DYLIB_CURRENT_VERSION = 1;
				DYLIB_INSTALL_NAME_BASE = "@rpath";
				ENABLE_MODULE_VERIFIER = YES;
				GCC_PREPROCESSOR_DEFINITIONS = "";
				INFOPLIST_FILE = NeuroID/Info.plist;
				INSTALL_PATH = "$(LOCAL_LIBRARY_DIR)/Frameworks";
				IPHONEOS_DEPLOYMENT_TARGET = 12.0;
				LD_RUNPATH_SEARCH_PATHS = (
					"$(inherited)",
					"@executable_path/Frameworks",
					"@loader_path/Frameworks",
				);
				MARKETING_VERSION = 2.4.5;
				MODULE_VERIFIER_SUPPORTED_LANGUAGES = "objective-c objective-c++";
				MODULE_VERIFIER_SUPPORTED_LANGUAGE_STANDARDS = "gnu11 gnu++14";
				OTHER_CFLAGS = "-DNDEBUG";
				OTHER_CODE_SIGN_FLAGS = "--deep";
				PRODUCT_BUNDLE_IDENTIFIER = com.neuroid.sdk;
				PRODUCT_NAME = "$(TARGET_NAME:c99extidentifier)";
				PROVISIONING_PROFILE_SPECIFIER = "";
				SKIP_INSTALL = YES;
				SWIFT_ACTIVE_COMPILATION_CONDITIONS = RELEASE;
				SWIFT_VERSION = 5.0;
				TARGETED_DEVICE_FAMILY = "1,2";
			};
			name = Release;
		};
		6F39E8D126CEA9A800BE9834 /* Debug */ = {
			isa = XCBuildConfiguration;
			baseConfigurationReference = 153C967454B5320D895ADE13 /* Pods-SDKTest.debug.xcconfig */;
			buildSettings = {
				CODE_SIGN_IDENTITY = "Apple Distribution: NEURO-ID, INC. (9B7FQ8D7B8)";
				CODE_SIGN_STYLE = Automatic;
				DEVELOPMENT_TEAM = 9B7FQ8D7B8;
				GCC_PREPROCESSOR_DEFINITIONS = (
					"DEBUG=1",
					"$(inherited)",
				);
				INFOPLIST_FILE = SDKTest/Info.plist;
				IPHONEOS_DEPLOYMENT_TARGET = 12.0;
				LD_RUNPATH_SEARCH_PATHS = (
					"$(inherited)",
					"@executable_path/Frameworks",
					"@loader_path/Frameworks",
				);
				MACOSX_DEPLOYMENT_TARGET = 11.0;
				OTHER_CFLAGS = "-DNDEBUG";
				PRODUCT_BUNDLE_IDENTIFIER = com.neuroid.SDKTest;
				PRODUCT_NAME = "$(TARGET_NAME)";
				PROVISIONING_PROFILE_SPECIFIER = "";
				SWIFT_VERSION = 5.0;
				TARGETED_DEVICE_FAMILY = "1,2";
			};
			name = Debug;
		};
		6F39E8D226CEA9A800BE9834 /* Release */ = {
			isa = XCBuildConfiguration;
			baseConfigurationReference = 3AFA17D1FB9CF9E866313997 /* Pods-SDKTest.release.xcconfig */;
			buildSettings = {
				CODE_SIGN_IDENTITY = "Apple Distribution: NEURO-ID, INC. (9B7FQ8D7B8)";
				CODE_SIGN_STYLE = Automatic;
				DEVELOPMENT_TEAM = X9986UAU23;
				INFOPLIST_FILE = SDKTest/Info.plist;
				IPHONEOS_DEPLOYMENT_TARGET = 12.0;
				LD_RUNPATH_SEARCH_PATHS = (
					"$(inherited)",
					"@executable_path/Frameworks",
					"@loader_path/Frameworks",
				);
				MACOSX_DEPLOYMENT_TARGET = 11.0;
				OTHER_CFLAGS = "-DNDEBUG";
				PRODUCT_BUNDLE_IDENTIFIER = com.neuroid.SDKTest;
				PRODUCT_NAME = "$(TARGET_NAME)";
				SWIFT_VERSION = 5.0;
				TARGETED_DEVICE_FAMILY = "1,2";
			};
			name = Release;
		};
		6F39E8DE26CEAA0C00BE9834 /* Debug */ = {
			isa = XCBuildConfiguration;
			buildSettings = {
				CODE_SIGN_STYLE = Automatic;
				DEVELOPMENT_TEAM = X9986UAU23;
				GCC_PREPROCESSOR_DEFINITIONS = (
					"DEBUG=1",
					"$(inherited)",
				);
				INFOPLIST_FILE = SDKUITest/Info.plist;
				IPHONEOS_DEPLOYMENT_TARGET = 12.0;
				LD_RUNPATH_SEARCH_PATHS = (
					"$(inherited)",
					"@executable_path/Frameworks",
					"@loader_path/Frameworks",
				);
				MACOSX_DEPLOYMENT_TARGET = 11.0;
				OTHER_CFLAGS = "-DNDEBUG";
				PRODUCT_BUNDLE_IDENTIFIER = com.neuroid.SDKUITest;
				PRODUCT_NAME = "$(TARGET_NAME)";
				PROVISIONING_PROFILE = "";
				SWIFT_VERSION = 5.0;
				TARGETED_DEVICE_FAMILY = "1,2";
			};
			name = Debug;
		};
		6F39E8DF26CEAA0C00BE9834 /* Release */ = {
			isa = XCBuildConfiguration;
			buildSettings = {
				CODE_SIGN_STYLE = Automatic;
				DEVELOPMENT_TEAM = X9986UAU23;
				INFOPLIST_FILE = SDKUITest/Info.plist;
				IPHONEOS_DEPLOYMENT_TARGET = 12.0;
				LD_RUNPATH_SEARCH_PATHS = (
					"$(inherited)",
					"@executable_path/Frameworks",
					"@loader_path/Frameworks",
				);
				MACOSX_DEPLOYMENT_TARGET = 11.0;
				OTHER_CFLAGS = "-DNDEBUG";
				PRODUCT_BUNDLE_IDENTIFIER = com.neuroid.SDKUITest;
				PRODUCT_NAME = "$(TARGET_NAME)";
				PROVISIONING_PROFILE = "";
				SWIFT_VERSION = 5.0;
				TARGETED_DEVICE_FAMILY = "1,2";
			};
			name = Release;
		};
/* End XCBuildConfiguration section */

/* Begin XCConfigurationList section */
		26BCF336268DA3C40002C289 /* Build configuration list for PBXProject "NeuroID" */ = {
			isa = XCConfigurationList;
			buildConfigurations = (
				26BCF342268DA3C40002C289 /* Debug */,
				26BCF343268DA3C40002C289 /* Release */,
				07BB4F632890438300910665 /* Staging */,
			);
			defaultConfigurationIsVisible = 0;
			defaultConfigurationName = Release;
		};
		26BCF344268DA3C40002C289 /* Build configuration list for PBXNativeTarget "NeuroID" */ = {
			isa = XCConfigurationList;
			buildConfigurations = (
				26BCF345268DA3C40002C289 /* Debug */,
				26BCF346268DA3C40002C289 /* Release */,
				07BB4F642890438300910665 /* Staging */,
			);
			defaultConfigurationIsVisible = 0;
			defaultConfigurationName = Release;
		};
		6F39E8D326CEA9A800BE9834 /* Build configuration list for PBXNativeTarget "SDKTest" */ = {
			isa = XCConfigurationList;
			buildConfigurations = (
				6F39E8D126CEA9A800BE9834 /* Debug */,
				6F39E8D226CEA9A800BE9834 /* Release */,
				07BB4F652890438300910665 /* Staging */,
			);
			defaultConfigurationIsVisible = 0;
			defaultConfigurationName = Release;
		};
		6F39E8DD26CEAA0C00BE9834 /* Build configuration list for PBXNativeTarget "SDKUITest" */ = {
			isa = XCConfigurationList;
			buildConfigurations = (
				6F39E8DE26CEAA0C00BE9834 /* Debug */,
				6F39E8DF26CEAA0C00BE9834 /* Release */,
				07BB4F662890438300910665 /* Staging */,
			);
			defaultConfigurationIsVisible = 0;
			defaultConfigurationName = Release;
		};
/* End XCConfigurationList section */
	};
	rootObject = 26BCF333268DA3C40002C289 /* Project object */;
}
